// !$*UTF8*$!
{
	archiveVersion = 1;
	classes = {
	};
	objectVersion = 46;
	objects = {

/* Begin PBXBuildFile section */
		8D1BD6D41EF294BF00E2928F /* main.m in Sources */ = {isa = PBXBuildFile; fileRef = 8D1BD6D31EF294BF00E2928F /* main.m */; };
		8D1BD6D71EF294BF00E2928F /* AppDelegate.m in Sources */ = {isa = PBXBuildFile; fileRef = 8D1BD6D61EF294BF00E2928F /* AppDelegate.m */; };
		8D1BD6DA1EF294BF00E2928F /* ViewController.m in Sources */ = {isa = PBXBuildFile; fileRef = 8D1BD6D91EF294BF00E2928F /* ViewController.m */; };
		8D1BD6DD1EF294BF00E2928F /* Main.storyboard in Resources */ = {isa = PBXBuildFile; fileRef = 8D1BD6DB1EF294BF00E2928F /* Main.storyboard */; };
		8D1BD6DF1EF294BF00E2928F /* Assets.xcassets in Resources */ = {isa = PBXBuildFile; fileRef = 8D1BD6DE1EF294BF00E2928F /* Assets.xcassets */; };
		8D1BD6E21EF294BF00E2928F /* LaunchScreen.storyboard in Resources */ = {isa = PBXBuildFile; fileRef = 8D1BD6E01EF294BF00E2928F /* LaunchScreen.storyboard */; };
		8D1BD6ED1EF294BF00E2928F /* PlayerDemoUITests.m in Sources */ = {isa = PBXBuildFile; fileRef = 8D1BD6EC1EF294BF00E2928F /* PlayerDemoUITests.m */; };
		8D1BD6FF1EF3933700E2928F /* SoundModel.m in Sources */ = {isa = PBXBuildFile; fileRef = 8D1BD6FE1EF3933700E2928F /* SoundModel.m */; };
		8D1BD7061EF3949D00E2928F /* RequestEngine.m in Sources */ = {isa = PBXBuildFile; fileRef = 8D1BD7051EF3949D00E2928F /* RequestEngine.m */; };
		8D1BD72E1EF395F500E2928F /* AFHTTPRequestOperation.m in Sources */ = {isa = PBXBuildFile; fileRef = 8D1BD70A1EF395F500E2928F /* AFHTTPRequestOperation.m */; };
		8D1BD72F1EF395F500E2928F /* AFHTTPRequestOperationManager.m in Sources */ = {isa = PBXBuildFile; fileRef = 8D1BD70C1EF395F500E2928F /* AFHTTPRequestOperationManager.m */; };
		8D1BD7301EF395F500E2928F /* AFHTTPSessionManager.m in Sources */ = {isa = PBXBuildFile; fileRef = 8D1BD70E1EF395F500E2928F /* AFHTTPSessionManager.m */; };
		8D1BD7311EF395F500E2928F /* AFNetworkReachabilityManager.m in Sources */ = {isa = PBXBuildFile; fileRef = 8D1BD7111EF395F500E2928F /* AFNetworkReachabilityManager.m */; };
		8D1BD7321EF395F500E2928F /* AFSecurityPolicy.m in Sources */ = {isa = PBXBuildFile; fileRef = 8D1BD7131EF395F500E2928F /* AFSecurityPolicy.m */; };
		8D1BD7331EF395F500E2928F /* AFURLConnectionOperation.m in Sources */ = {isa = PBXBuildFile; fileRef = 8D1BD7151EF395F500E2928F /* AFURLConnectionOperation.m */; };
		8D1BD7341EF395F500E2928F /* AFURLRequestSerialization.m in Sources */ = {isa = PBXBuildFile; fileRef = 8D1BD7171EF395F500E2928F /* AFURLRequestSerialization.m */; };
		8D1BD7351EF395F500E2928F /* AFURLResponseSerialization.m in Sources */ = {isa = PBXBuildFile; fileRef = 8D1BD7191EF395F500E2928F /* AFURLResponseSerialization.m */; };
		8D1BD7361EF395F500E2928F /* AFURLSessionManager.m in Sources */ = {isa = PBXBuildFile; fileRef = 8D1BD71B1EF395F500E2928F /* AFURLSessionManager.m */; };
		8D1BD7371EF395F500E2928F /* AFNetworkActivityIndicatorManager.m in Sources */ = {isa = PBXBuildFile; fileRef = 8D1BD71E1EF395F500E2928F /* AFNetworkActivityIndicatorManager.m */; };
		8D1BD7381EF395F500E2928F /* UIActivityIndicatorView+AFNetworking.m in Sources */ = {isa = PBXBuildFile; fileRef = 8D1BD7201EF395F500E2928F /* UIActivityIndicatorView+AFNetworking.m */; };
		8D1BD7391EF395F500E2928F /* UIAlertView+AFNetworking.m in Sources */ = {isa = PBXBuildFile; fileRef = 8D1BD7221EF395F500E2928F /* UIAlertView+AFNetworking.m */; };
		8D1BD73A1EF395F500E2928F /* UIButton+AFNetworking.m in Sources */ = {isa = PBXBuildFile; fileRef = 8D1BD7241EF395F500E2928F /* UIButton+AFNetworking.m */; };
		8D1BD73B1EF395F500E2928F /* UIImageView+AFNetworking.m in Sources */ = {isa = PBXBuildFile; fileRef = 8D1BD7261EF395F500E2928F /* UIImageView+AFNetworking.m */; };
		8D1BD73C1EF395F500E2928F /* UIProgressView+AFNetworking.m in Sources */ = {isa = PBXBuildFile; fileRef = 8D1BD7291EF395F500E2928F /* UIProgressView+AFNetworking.m */; };
		8D1BD73D1EF395F500E2928F /* UIRefreshControl+AFNetworking.m in Sources */ = {isa = PBXBuildFile; fileRef = 8D1BD72B1EF395F500E2928F /* UIRefreshControl+AFNetworking.m */; };
		8D1BD73E1EF395F500E2928F /* UIWebView+AFNetworking.m in Sources */ = {isa = PBXBuildFile; fileRef = 8D1BD72D1EF395F500E2928F /* UIWebView+AFNetworking.m */; };
		8D1BD7D71EF3999A00E2928F /* ASIAuthenticationDialog.m in Sources */ = {isa = PBXBuildFile; fileRef = 8D1BD7BF1EF3999A00E2928F /* ASIAuthenticationDialog.m */; settings = {COMPILER_FLAGS = "-fno-objc-arc"; }; };
		8D1BD7D81EF3999A00E2928F /* ASIDataCompressor.m in Sources */ = {isa = PBXBuildFile; fileRef = 8D1BD7C21EF3999A00E2928F /* ASIDataCompressor.m */; settings = {COMPILER_FLAGS = "-fno-objc-arc"; }; };
		8D1BD7D91EF3999A00E2928F /* ASIDataDecompressor.m in Sources */ = {isa = PBXBuildFile; fileRef = 8D1BD7C41EF3999A00E2928F /* ASIDataDecompressor.m */; settings = {COMPILER_FLAGS = "-fno-objc-arc"; }; };
		8D1BD7DA1EF3999A00E2928F /* ASIDownloadCache.m in Sources */ = {isa = PBXBuildFile; fileRef = 8D1BD7C61EF3999A00E2928F /* ASIDownloadCache.m */; settings = {COMPILER_FLAGS = "-fno-objc-arc"; }; };
		8D1BD7DB1EF3999A00E2928F /* ASIFormDataRequest.m in Sources */ = {isa = PBXBuildFile; fileRef = 8D1BD7C81EF3999A00E2928F /* ASIFormDataRequest.m */; settings = {COMPILER_FLAGS = "-fno-objc-arc"; }; };
		8D1BD7DC1EF3999A00E2928F /* ASIHTTPRequest.m in Sources */ = {isa = PBXBuildFile; fileRef = 8D1BD7CA1EF3999A00E2928F /* ASIHTTPRequest.m */; settings = {COMPILER_FLAGS = "-fno-objc-arc"; }; };
		8D1BD7DD1EF3999A00E2928F /* ASIInputStream.m in Sources */ = {isa = PBXBuildFile; fileRef = 8D1BD7CE1EF3999A00E2928F /* ASIInputStream.m */; settings = {COMPILER_FLAGS = "-fno-objc-arc"; }; };
		8D1BD7DE1EF3999A00E2928F /* ASINetworkQueue.m in Sources */ = {isa = PBXBuildFile; fileRef = 8D1BD7D01EF3999A00E2928F /* ASINetworkQueue.m */; settings = {COMPILER_FLAGS = "-fno-objc-arc"; }; };
		8D1BD7DF1EF3999A00E2928F /* LHNetworkQueue.m in Sources */ = {isa = PBXBuildFile; fileRef = 8D1BD7D31EF3999A00E2928F /* LHNetworkQueue.m */; };
		8D1BD7E01EF3999A00E2928F /* Reachability.m in Sources */ = {isa = PBXBuildFile; fileRef = 8D1BD7D61EF3999A00E2928F /* Reachability.m */; };
		8D1BD7E31EF39A4700E2928F /* libz.tbd in Frameworks */ = {isa = PBXBuildFile; fileRef = 8D1BD7E21EF39A4700E2928F /* libz.tbd */; };
		8D1BD7E51EF39A5800E2928F /* libstdc++.tbd in Frameworks */ = {isa = PBXBuildFile; fileRef = 8D1BD7E41EF39A5800E2928F /* libstdc++.tbd */; };
		8D1BD7E91EF39A6B00E2928F /* AVFoundation.framework in Frameworks */ = {isa = PBXBuildFile; fileRef = 8D1BD7E61EF39A6B00E2928F /* AVFoundation.framework */; };
		8D1BD7EA1EF39A6B00E2928F /* CoreFoundation.framework in Frameworks */ = {isa = PBXBuildFile; fileRef = 8D1BD7E71EF39A6B00E2928F /* CoreFoundation.framework */; };
		8D1BD7EB1EF39A6B00E2928F /* Foundation.framework in Frameworks */ = {isa = PBXBuildFile; fileRef = 8D1BD7E81EF39A6B00E2928F /* Foundation.framework */; };
		8D1BD8061EF3B42700E2928F /* MASCompositeConstraint.m in Sources */ = {isa = PBXBuildFile; fileRef = 8D1BD7EE1EF3B42700E2928F /* MASCompositeConstraint.m */; };
		8D1BD8071EF3B42700E2928F /* MASConstraint.m in Sources */ = {isa = PBXBuildFile; fileRef = 8D1BD7F11EF3B42700E2928F /* MASConstraint.m */; };
		8D1BD8081EF3B42700E2928F /* MASConstraintMaker.m in Sources */ = {isa = PBXBuildFile; fileRef = 8D1BD7F31EF3B42700E2928F /* MASConstraintMaker.m */; };
		8D1BD8091EF3B42700E2928F /* MASLayoutConstraint.m in Sources */ = {isa = PBXBuildFile; fileRef = 8D1BD7F51EF3B42700E2928F /* MASLayoutConstraint.m */; };
		8D1BD80A1EF3B42700E2928F /* MASViewAttribute.m in Sources */ = {isa = PBXBuildFile; fileRef = 8D1BD7F91EF3B42700E2928F /* MASViewAttribute.m */; };
		8D1BD80B1EF3B42700E2928F /* MASViewConstraint.m in Sources */ = {isa = PBXBuildFile; fileRef = 8D1BD7FB1EF3B42700E2928F /* MASViewConstraint.m */; };
		8D1BD80C1EF3B42700E2928F /* NSArray+MASAdditions.m in Sources */ = {isa = PBXBuildFile; fileRef = 8D1BD7FD1EF3B42700E2928F /* NSArray+MASAdditions.m */; };
		8D1BD80D1EF3B42700E2928F /* NSLayoutConstraint+MASDebugAdditions.m in Sources */ = {isa = PBXBuildFile; fileRef = 8D1BD8001EF3B42700E2928F /* NSLayoutConstraint+MASDebugAdditions.m */; };
		8D1BD80E1EF3B42700E2928F /* View+MASAdditions.m in Sources */ = {isa = PBXBuildFile; fileRef = 8D1BD8021EF3B42700E2928F /* View+MASAdditions.m */; };
		8D1BD80F1EF3B42700E2928F /* ViewController+MASAdditions.m in Sources */ = {isa = PBXBuildFile; fileRef = 8D1BD8051EF3B42700E2928F /* ViewController+MASAdditions.m */; };
		8D1BD82E1EF3B43600E2928F /* NSData+ImageContentType.m in Sources */ = {isa = PBXBuildFile; fileRef = 8D1BD8121EF3B43600E2928F /* NSData+ImageContentType.m */; };
		8D1BD82F1EF3B43600E2928F /* SDImageCache.m in Sources */ = {isa = PBXBuildFile; fileRef = 8D1BD8141EF3B43600E2928F /* SDImageCache.m */; };
		8D1BD8301EF3B43600E2928F /* SDWebImageCompat.m in Sources */ = {isa = PBXBuildFile; fileRef = 8D1BD8161EF3B43600E2928F /* SDWebImageCompat.m */; };
		8D1BD8311EF3B43600E2928F /* SDWebImageDecoder.m in Sources */ = {isa = PBXBuildFile; fileRef = 8D1BD8181EF3B43600E2928F /* SDWebImageDecoder.m */; };
		8D1BD8321EF3B43600E2928F /* SDWebImageDownloader.m in Sources */ = {isa = PBXBuildFile; fileRef = 8D1BD81A1EF3B43600E2928F /* SDWebImageDownloader.m */; };
		8D1BD8331EF3B43600E2928F /* SDWebImageDownloaderOperation.m in Sources */ = {isa = PBXBuildFile; fileRef = 8D1BD81C1EF3B43600E2928F /* SDWebImageDownloaderOperation.m */; };
		8D1BD8341EF3B43600E2928F /* SDWebImageManager.m in Sources */ = {isa = PBXBuildFile; fileRef = 8D1BD81E1EF3B43600E2928F /* SDWebImageManager.m */; };
		8D1BD8351EF3B43600E2928F /* SDWebImagePrefetcher.m in Sources */ = {isa = PBXBuildFile; fileRef = 8D1BD8211EF3B43600E2928F /* SDWebImagePrefetcher.m */; };
		8D1BD8361EF3B43600E2928F /* UIButton+WebCache.m in Sources */ = {isa = PBXBuildFile; fileRef = 8D1BD8231EF3B43600E2928F /* UIButton+WebCache.m */; };
		8D1BD8371EF3B43600E2928F /* UIImage+GIF.m in Sources */ = {isa = PBXBuildFile; fileRef = 8D1BD8251EF3B43600E2928F /* UIImage+GIF.m */; };
		8D1BD8381EF3B43600E2928F /* UIImage+MultiFormat.m in Sources */ = {isa = PBXBuildFile; fileRef = 8D1BD8271EF3B43600E2928F /* UIImage+MultiFormat.m */; };
		8D1BD8391EF3B43600E2928F /* UIImageView+HighlightedWebCache.m in Sources */ = {isa = PBXBuildFile; fileRef = 8D1BD8291EF3B43600E2928F /* UIImageView+HighlightedWebCache.m */; };
		8D1BD83A1EF3B43600E2928F /* UIImageView+WebCache.m in Sources */ = {isa = PBXBuildFile; fileRef = 8D1BD82B1EF3B43600E2928F /* UIImageView+WebCache.m */; };
		8D1BD83B1EF3B43600E2928F /* UIView+WebCacheOperation.m in Sources */ = {isa = PBXBuildFile; fileRef = 8D1BD82D1EF3B43600E2928F /* UIView+WebCacheOperation.m */; };
		8D1BD8501EF3B7AA00E2928F /* NSMutableArray+STKAudioPlayer.m in Sources */ = {isa = PBXBuildFile; fileRef = 8D1BD83E1EF3B7AA00E2928F /* NSMutableArray+STKAudioPlayer.m */; };
		8D1BD8511EF3B7AA00E2928F /* STKAudioPlayer.m in Sources */ = {isa = PBXBuildFile; fileRef = 8D1BD8401EF3B7AA00E2928F /* STKAudioPlayer.m */; };
		8D1BD8521EF3B7AA00E2928F /* STKAutoRecoveringHTTPDataSource.m in Sources */ = {isa = PBXBuildFile; fileRef = 8D1BD8421EF3B7AA00E2928F /* STKAutoRecoveringHTTPDataSource.m */; };
		8D1BD8531EF3B7AA00E2928F /* STKCoreFoundationDataSource.m in Sources */ = {isa = PBXBuildFile; fileRef = 8D1BD8441EF3B7AA00E2928F /* STKCoreFoundationDataSource.m */; };
		8D1BD8541EF3B7AA00E2928F /* STKDataSource.m in Sources */ = {isa = PBXBuildFile; fileRef = 8D1BD8461EF3B7AA00E2928F /* STKDataSource.m */; };
		8D1BD8551EF3B7AA00E2928F /* STKDataSourceWrapper.m in Sources */ = {isa = PBXBuildFile; fileRef = 8D1BD8481EF3B7AA00E2928F /* STKDataSourceWrapper.m */; };
		8D1BD8561EF3B7AA00E2928F /* STKHTTPDataSource.m in Sources */ = {isa = PBXBuildFile; fileRef = 8D1BD84A1EF3B7AA00E2928F /* STKHTTPDataSource.m */; };
		8D1BD8571EF3B7AA00E2928F /* STKLocalFileDataSource.m in Sources */ = {isa = PBXBuildFile; fileRef = 8D1BD84C1EF3B7AA00E2928F /* STKLocalFileDataSource.m */; };
		8D1BD8581EF3B7AA00E2928F /* STKQueueEntry.m in Sources */ = {isa = PBXBuildFile; fileRef = 8D1BD84E1EF3B7AA00E2928F /* STKQueueEntry.m */; };
		8D39B4DA20CF9B89009A60BD /* DownloadCenter.m in Sources */ = {isa = PBXBuildFile; fileRef = 8D39B4D920CF9B89009A60BD /* DownloadCenter.m */; };
		8D39B4DE20CFA1A7009A60BD /* UserDefaultCenter.m in Sources */ = {isa = PBXBuildFile; fileRef = 8D39B4DD20CFA1A7009A60BD /* UserDefaultCenter.m */; };
		8D686D3020E099C60033BC49 /* PlayQueueID.m in Sources */ = {isa = PBXBuildFile; fileRef = 8D686D2F20E099C60033BC49 /* PlayQueueID.m */; };
		8D686D3320E0EFBA0033BC49 /* FileMD5Tools.m in Sources */ = {isa = PBXBuildFile; fileRef = 8D686D3220E0EFBA0033BC49 /* FileMD5Tools.m */; };
		8D7952F520CA621200E94DFC /* PlayCenter.m in Sources */ = {isa = PBXBuildFile; fileRef = 8D7952F420CA621200E94DFC /* PlayCenter.m */; };
		8D7952F920CA650B00E94DFC /* LGReachability.m in Sources */ = {isa = PBXBuildFile; fileRef = 8D7952F820CA650B00E94DFC /* LGReachability.m */; };
		8D7952FD20CA658B00E94DFC /* Sentry.framework in Embed Frameworks */ = {isa = PBXBuildFile; fileRef = 8D7952FA20CA657800E94DFC /* Sentry.framework */; settings = {ATTRIBUTES = (CodeSignOnCopy, RemoveHeadersOnCopy, ); }; };
		8D7C6B1E20CE5DC200A9F764 /* SoundRequestEngine.m in Sources */ = {isa = PBXBuildFile; fileRef = 8D7C6B1D20CE5DC200A9F764 /* SoundRequestEngine.m */; };
/* End PBXBuildFile section */

/* Begin PBXContainerItemProxy section */
		8D1BD6E91EF294BF00E2928F /* PBXContainerItemProxy */ = {
			isa = PBXContainerItemProxy;
			containerPortal = 8D1BD6C71EF294BF00E2928F /* Project object */;
			proxyType = 1;
			remoteGlobalIDString = 8D1BD6CE1EF294BF00E2928F;
			remoteInfo = PlayerDemo;
		};
/* End PBXContainerItemProxy section */

/* Begin PBXCopyFilesBuildPhase section */
		8D7952FE20CA658B00E94DFC /* Embed Frameworks */ = {
			isa = PBXCopyFilesBuildPhase;
			buildActionMask = 2147483647;
			dstPath = "";
			dstSubfolderSpec = 10;
			files = (
				8D7952FD20CA658B00E94DFC /* Sentry.framework in Embed Frameworks */,
			);
			name = "Embed Frameworks";
			runOnlyForDeploymentPostprocessing = 0;
		};
/* End PBXCopyFilesBuildPhase section */

/* Begin PBXFileReference section */
		8D1BD6CF1EF294BF00E2928F /* PlayerDemo.app */ = {isa = PBXFileReference; explicitFileType = wrapper.application; includeInIndex = 0; path = PlayerDemo.app; sourceTree = BUILT_PRODUCTS_DIR; };
		8D1BD6D31EF294BF00E2928F /* main.m */ = {isa = PBXFileReference; lastKnownFileType = sourcecode.c.objc; path = main.m; sourceTree = "<group>"; };
		8D1BD6D51EF294BF00E2928F /* AppDelegate.h */ = {isa = PBXFileReference; lastKnownFileType = sourcecode.c.h; path = AppDelegate.h; sourceTree = "<group>"; };
		8D1BD6D61EF294BF00E2928F /* AppDelegate.m */ = {isa = PBXFileReference; lastKnownFileType = sourcecode.c.objc; path = AppDelegate.m; sourceTree = "<group>"; };
		8D1BD6D81EF294BF00E2928F /* ViewController.h */ = {isa = PBXFileReference; lastKnownFileType = sourcecode.c.h; path = ViewController.h; sourceTree = "<group>"; };
		8D1BD6D91EF294BF00E2928F /* ViewController.m */ = {isa = PBXFileReference; lastKnownFileType = sourcecode.c.objc; path = ViewController.m; sourceTree = "<group>"; };
		8D1BD6DC1EF294BF00E2928F /* Base */ = {isa = PBXFileReference; lastKnownFileType = file.storyboard; name = Base; path = Base.lproj/Main.storyboard; sourceTree = "<group>"; };
		8D1BD6DE1EF294BF00E2928F /* Assets.xcassets */ = {isa = PBXFileReference; lastKnownFileType = folder.assetcatalog; path = Assets.xcassets; sourceTree = "<group>"; };
		8D1BD6E11EF294BF00E2928F /* Base */ = {isa = PBXFileReference; lastKnownFileType = file.storyboard; name = Base; path = Base.lproj/LaunchScreen.storyboard; sourceTree = "<group>"; };
		8D1BD6E31EF294BF00E2928F /* Info.plist */ = {isa = PBXFileReference; lastKnownFileType = text.plist.xml; path = Info.plist; sourceTree = "<group>"; };
		8D1BD6E81EF294BF00E2928F /* PlayerDemoUITests.xctest */ = {isa = PBXFileReference; explicitFileType = wrapper.cfbundle; includeInIndex = 0; path = PlayerDemoUITests.xctest; sourceTree = BUILT_PRODUCTS_DIR; };
		8D1BD6EC1EF294BF00E2928F /* PlayerDemoUITests.m */ = {isa = PBXFileReference; lastKnownFileType = sourcecode.c.objc; path = PlayerDemoUITests.m; sourceTree = "<group>"; };
		8D1BD6EE1EF294BF00E2928F /* Info.plist */ = {isa = PBXFileReference; lastKnownFileType = text.plist.xml; path = Info.plist; sourceTree = "<group>"; };
		8D1BD6FB1EF2998600E2928F /* PlayerDemo.pch */ = {isa = PBXFileReference; fileEncoding = 4; lastKnownFileType = sourcecode.c.h; path = PlayerDemo.pch; sourceTree = "<group>"; };
		8D1BD6FD1EF3933700E2928F /* SoundModel.h */ = {isa = PBXFileReference; fileEncoding = 4; lastKnownFileType = sourcecode.c.h; path = SoundModel.h; sourceTree = "<group>"; };
		8D1BD6FE1EF3933700E2928F /* SoundModel.m */ = {isa = PBXFileReference; fileEncoding = 4; lastKnownFileType = sourcecode.c.objc; path = SoundModel.m; sourceTree = "<group>"; };
		8D1BD7041EF3949D00E2928F /* RequestEngine.h */ = {isa = PBXFileReference; fileEncoding = 4; lastKnownFileType = sourcecode.c.h; path = RequestEngine.h; sourceTree = "<group>"; };
		8D1BD7051EF3949D00E2928F /* RequestEngine.m */ = {isa = PBXFileReference; fileEncoding = 4; lastKnownFileType = sourcecode.c.objc; path = RequestEngine.m; sourceTree = "<group>"; };
		8D1BD7091EF395F500E2928F /* AFHTTPRequestOperation.h */ = {isa = PBXFileReference; fileEncoding = 4; lastKnownFileType = sourcecode.c.h; path = AFHTTPRequestOperation.h; sourceTree = "<group>"; };
		8D1BD70A1EF395F500E2928F /* AFHTTPRequestOperation.m */ = {isa = PBXFileReference; fileEncoding = 4; lastKnownFileType = sourcecode.c.objc; path = AFHTTPRequestOperation.m; sourceTree = "<group>"; };
		8D1BD70B1EF395F500E2928F /* AFHTTPRequestOperationManager.h */ = {isa = PBXFileReference; fileEncoding = 4; lastKnownFileType = sourcecode.c.h; path = AFHTTPRequestOperationManager.h; sourceTree = "<group>"; };
		8D1BD70C1EF395F500E2928F /* AFHTTPRequestOperationManager.m */ = {isa = PBXFileReference; fileEncoding = 4; lastKnownFileType = sourcecode.c.objc; path = AFHTTPRequestOperationManager.m; sourceTree = "<group>"; };
		8D1BD70D1EF395F500E2928F /* AFHTTPSessionManager.h */ = {isa = PBXFileReference; fileEncoding = 4; lastKnownFileType = sourcecode.c.h; path = AFHTTPSessionManager.h; sourceTree = "<group>"; };
		8D1BD70E1EF395F500E2928F /* AFHTTPSessionManager.m */ = {isa = PBXFileReference; fileEncoding = 4; lastKnownFileType = sourcecode.c.objc; path = AFHTTPSessionManager.m; sourceTree = "<group>"; };
		8D1BD70F1EF395F500E2928F /* AFNetworking.h */ = {isa = PBXFileReference; fileEncoding = 4; lastKnownFileType = sourcecode.c.h; path = AFNetworking.h; sourceTree = "<group>"; };
		8D1BD7101EF395F500E2928F /* AFNetworkReachabilityManager.h */ = {isa = PBXFileReference; fileEncoding = 4; lastKnownFileType = sourcecode.c.h; path = AFNetworkReachabilityManager.h; sourceTree = "<group>"; };
		8D1BD7111EF395F500E2928F /* AFNetworkReachabilityManager.m */ = {isa = PBXFileReference; fileEncoding = 4; lastKnownFileType = sourcecode.c.objc; path = AFNetworkReachabilityManager.m; sourceTree = "<group>"; };
		8D1BD7121EF395F500E2928F /* AFSecurityPolicy.h */ = {isa = PBXFileReference; fileEncoding = 4; lastKnownFileType = sourcecode.c.h; path = AFSecurityPolicy.h; sourceTree = "<group>"; };
		8D1BD7131EF395F500E2928F /* AFSecurityPolicy.m */ = {isa = PBXFileReference; fileEncoding = 4; lastKnownFileType = sourcecode.c.objc; path = AFSecurityPolicy.m; sourceTree = "<group>"; };
		8D1BD7141EF395F500E2928F /* AFURLConnectionOperation.h */ = {isa = PBXFileReference; fileEncoding = 4; lastKnownFileType = sourcecode.c.h; path = AFURLConnectionOperation.h; sourceTree = "<group>"; };
		8D1BD7151EF395F500E2928F /* AFURLConnectionOperation.m */ = {isa = PBXFileReference; fileEncoding = 4; lastKnownFileType = sourcecode.c.objc; path = AFURLConnectionOperation.m; sourceTree = "<group>"; };
		8D1BD7161EF395F500E2928F /* AFURLRequestSerialization.h */ = {isa = PBXFileReference; fileEncoding = 4; lastKnownFileType = sourcecode.c.h; path = AFURLRequestSerialization.h; sourceTree = "<group>"; };
		8D1BD7171EF395F500E2928F /* AFURLRequestSerialization.m */ = {isa = PBXFileReference; fileEncoding = 4; lastKnownFileType = sourcecode.c.objc; path = AFURLRequestSerialization.m; sourceTree = "<group>"; };
		8D1BD7181EF395F500E2928F /* AFURLResponseSerialization.h */ = {isa = PBXFileReference; fileEncoding = 4; lastKnownFileType = sourcecode.c.h; path = AFURLResponseSerialization.h; sourceTree = "<group>"; };
		8D1BD7191EF395F500E2928F /* AFURLResponseSerialization.m */ = {isa = PBXFileReference; fileEncoding = 4; lastKnownFileType = sourcecode.c.objc; path = AFURLResponseSerialization.m; sourceTree = "<group>"; };
		8D1BD71A1EF395F500E2928F /* AFURLSessionManager.h */ = {isa = PBXFileReference; fileEncoding = 4; lastKnownFileType = sourcecode.c.h; path = AFURLSessionManager.h; sourceTree = "<group>"; };
		8D1BD71B1EF395F500E2928F /* AFURLSessionManager.m */ = {isa = PBXFileReference; fileEncoding = 4; lastKnownFileType = sourcecode.c.objc; path = AFURLSessionManager.m; sourceTree = "<group>"; };
		8D1BD71D1EF395F500E2928F /* AFNetworkActivityIndicatorManager.h */ = {isa = PBXFileReference; fileEncoding = 4; lastKnownFileType = sourcecode.c.h; path = AFNetworkActivityIndicatorManager.h; sourceTree = "<group>"; };
		8D1BD71E1EF395F500E2928F /* AFNetworkActivityIndicatorManager.m */ = {isa = PBXFileReference; fileEncoding = 4; lastKnownFileType = sourcecode.c.objc; path = AFNetworkActivityIndicatorManager.m; sourceTree = "<group>"; };
		8D1BD71F1EF395F500E2928F /* UIActivityIndicatorView+AFNetworking.h */ = {isa = PBXFileReference; fileEncoding = 4; lastKnownFileType = sourcecode.c.h; path = "UIActivityIndicatorView+AFNetworking.h"; sourceTree = "<group>"; };
		8D1BD7201EF395F500E2928F /* UIActivityIndicatorView+AFNetworking.m */ = {isa = PBXFileReference; fileEncoding = 4; lastKnownFileType = sourcecode.c.objc; path = "UIActivityIndicatorView+AFNetworking.m"; sourceTree = "<group>"; };
		8D1BD7211EF395F500E2928F /* UIAlertView+AFNetworking.h */ = {isa = PBXFileReference; fileEncoding = 4; lastKnownFileType = sourcecode.c.h; path = "UIAlertView+AFNetworking.h"; sourceTree = "<group>"; };
		8D1BD7221EF395F500E2928F /* UIAlertView+AFNetworking.m */ = {isa = PBXFileReference; fileEncoding = 4; lastKnownFileType = sourcecode.c.objc; path = "UIAlertView+AFNetworking.m"; sourceTree = "<group>"; };
		8D1BD7231EF395F500E2928F /* UIButton+AFNetworking.h */ = {isa = PBXFileReference; fileEncoding = 4; lastKnownFileType = sourcecode.c.h; path = "UIButton+AFNetworking.h"; sourceTree = "<group>"; };
		8D1BD7241EF395F500E2928F /* UIButton+AFNetworking.m */ = {isa = PBXFileReference; fileEncoding = 4; lastKnownFileType = sourcecode.c.objc; path = "UIButton+AFNetworking.m"; sourceTree = "<group>"; };
		8D1BD7251EF395F500E2928F /* UIImageView+AFNetworking.h */ = {isa = PBXFileReference; fileEncoding = 4; lastKnownFileType = sourcecode.c.h; path = "UIImageView+AFNetworking.h"; sourceTree = "<group>"; };
		8D1BD7261EF395F500E2928F /* UIImageView+AFNetworking.m */ = {isa = PBXFileReference; fileEncoding = 4; lastKnownFileType = sourcecode.c.objc; path = "UIImageView+AFNetworking.m"; sourceTree = "<group>"; };
		8D1BD7271EF395F500E2928F /* UIKit+AFNetworking.h */ = {isa = PBXFileReference; fileEncoding = 4; lastKnownFileType = sourcecode.c.h; path = "UIKit+AFNetworking.h"; sourceTree = "<group>"; };
		8D1BD7281EF395F500E2928F /* UIProgressView+AFNetworking.h */ = {isa = PBXFileReference; fileEncoding = 4; lastKnownFileType = sourcecode.c.h; path = "UIProgressView+AFNetworking.h"; sourceTree = "<group>"; };
		8D1BD7291EF395F500E2928F /* UIProgressView+AFNetworking.m */ = {isa = PBXFileReference; fileEncoding = 4; lastKnownFileType = sourcecode.c.objc; path = "UIProgressView+AFNetworking.m"; sourceTree = "<group>"; };
		8D1BD72A1EF395F500E2928F /* UIRefreshControl+AFNetworking.h */ = {isa = PBXFileReference; fileEncoding = 4; lastKnownFileType = sourcecode.c.h; path = "UIRefreshControl+AFNetworking.h"; sourceTree = "<group>"; };
		8D1BD72B1EF395F500E2928F /* UIRefreshControl+AFNetworking.m */ = {isa = PBXFileReference; fileEncoding = 4; lastKnownFileType = sourcecode.c.objc; path = "UIRefreshControl+AFNetworking.m"; sourceTree = "<group>"; };
		8D1BD72C1EF395F500E2928F /* UIWebView+AFNetworking.h */ = {isa = PBXFileReference; fileEncoding = 4; lastKnownFileType = sourcecode.c.h; path = "UIWebView+AFNetworking.h"; sourceTree = "<group>"; };
		8D1BD72D1EF395F500E2928F /* UIWebView+AFNetworking.m */ = {isa = PBXFileReference; fileEncoding = 4; lastKnownFileType = sourcecode.c.objc; path = "UIWebView+AFNetworking.m"; sourceTree = "<group>"; };
		8D1BD7BE1EF3999A00E2928F /* ASIAuthenticationDialog.h */ = {isa = PBXFileReference; fileEncoding = 4; lastKnownFileType = sourcecode.c.h; path = ASIAuthenticationDialog.h; sourceTree = "<group>"; };
		8D1BD7BF1EF3999A00E2928F /* ASIAuthenticationDialog.m */ = {isa = PBXFileReference; fileEncoding = 4; lastKnownFileType = sourcecode.c.objc; path = ASIAuthenticationDialog.m; sourceTree = "<group>"; };
		8D1BD7C01EF3999A00E2928F /* ASICacheDelegate.h */ = {isa = PBXFileReference; fileEncoding = 4; lastKnownFileType = sourcecode.c.h; path = ASICacheDelegate.h; sourceTree = "<group>"; };
		8D1BD7C11EF3999A00E2928F /* ASIDataCompressor.h */ = {isa = PBXFileReference; fileEncoding = 4; lastKnownFileType = sourcecode.c.h; path = ASIDataCompressor.h; sourceTree = "<group>"; };
		8D1BD7C21EF3999A00E2928F /* ASIDataCompressor.m */ = {isa = PBXFileReference; fileEncoding = 4; lastKnownFileType = sourcecode.c.objc; path = ASIDataCompressor.m; sourceTree = "<group>"; };
		8D1BD7C31EF3999A00E2928F /* ASIDataDecompressor.h */ = {isa = PBXFileReference; fileEncoding = 4; lastKnownFileType = sourcecode.c.h; path = ASIDataDecompressor.h; sourceTree = "<group>"; };
		8D1BD7C41EF3999A00E2928F /* ASIDataDecompressor.m */ = {isa = PBXFileReference; fileEncoding = 4; lastKnownFileType = sourcecode.c.objc; path = ASIDataDecompressor.m; sourceTree = "<group>"; };
		8D1BD7C51EF3999A00E2928F /* ASIDownloadCache.h */ = {isa = PBXFileReference; fileEncoding = 4; lastKnownFileType = sourcecode.c.h; path = ASIDownloadCache.h; sourceTree = "<group>"; };
		8D1BD7C61EF3999A00E2928F /* ASIDownloadCache.m */ = {isa = PBXFileReference; fileEncoding = 4; lastKnownFileType = sourcecode.c.objc; path = ASIDownloadCache.m; sourceTree = "<group>"; };
		8D1BD7C71EF3999A00E2928F /* ASIFormDataRequest.h */ = {isa = PBXFileReference; fileEncoding = 4; lastKnownFileType = sourcecode.c.h; path = ASIFormDataRequest.h; sourceTree = "<group>"; };
		8D1BD7C81EF3999A00E2928F /* ASIFormDataRequest.m */ = {isa = PBXFileReference; fileEncoding = 4; lastKnownFileType = sourcecode.c.objc; path = ASIFormDataRequest.m; sourceTree = "<group>"; };
		8D1BD7C91EF3999A00E2928F /* ASIHTTPRequest.h */ = {isa = PBXFileReference; fileEncoding = 4; lastKnownFileType = sourcecode.c.h; path = ASIHTTPRequest.h; sourceTree = "<group>"; };
		8D1BD7CA1EF3999A00E2928F /* ASIHTTPRequest.m */ = {isa = PBXFileReference; fileEncoding = 4; lastKnownFileType = sourcecode.c.objc; path = ASIHTTPRequest.m; sourceTree = "<group>"; };
		8D1BD7CB1EF3999A00E2928F /* ASIHTTPRequestConfig.h */ = {isa = PBXFileReference; fileEncoding = 4; lastKnownFileType = sourcecode.c.h; path = ASIHTTPRequestConfig.h; sourceTree = "<group>"; };
		8D1BD7CC1EF3999A00E2928F /* ASIHTTPRequestDelegate.h */ = {isa = PBXFileReference; fileEncoding = 4; lastKnownFileType = sourcecode.c.h; path = ASIHTTPRequestDelegate.h; sourceTree = "<group>"; };
		8D1BD7CD1EF3999A00E2928F /* ASIInputStream.h */ = {isa = PBXFileReference; fileEncoding = 4; lastKnownFileType = sourcecode.c.h; path = ASIInputStream.h; sourceTree = "<group>"; };
		8D1BD7CE1EF3999A00E2928F /* ASIInputStream.m */ = {isa = PBXFileReference; fileEncoding = 4; lastKnownFileType = sourcecode.c.objc; path = ASIInputStream.m; sourceTree = "<group>"; };
		8D1BD7CF1EF3999A00E2928F /* ASINetworkQueue.h */ = {isa = PBXFileReference; fileEncoding = 4; lastKnownFileType = sourcecode.c.h; path = ASINetworkQueue.h; sourceTree = "<group>"; };
		8D1BD7D01EF3999A00E2928F /* ASINetworkQueue.m */ = {isa = PBXFileReference; fileEncoding = 4; lastKnownFileType = sourcecode.c.objc; path = ASINetworkQueue.m; sourceTree = "<group>"; };
		8D1BD7D11EF3999A00E2928F /* ASIProgressDelegate.h */ = {isa = PBXFileReference; fileEncoding = 4; lastKnownFileType = sourcecode.c.h; path = ASIProgressDelegate.h; sourceTree = "<group>"; };
		8D1BD7D21EF3999A00E2928F /* LHNetworkQueue.h */ = {isa = PBXFileReference; fileEncoding = 4; lastKnownFileType = sourcecode.c.h; path = LHNetworkQueue.h; sourceTree = "<group>"; };
		8D1BD7D31EF3999A00E2928F /* LHNetworkQueue.m */ = {isa = PBXFileReference; fileEncoding = 4; lastKnownFileType = sourcecode.c.objc; path = LHNetworkQueue.m; sourceTree = "<group>"; };
		8D1BD7D51EF3999A00E2928F /* Reachability.h */ = {isa = PBXFileReference; fileEncoding = 4; lastKnownFileType = sourcecode.c.h; path = Reachability.h; sourceTree = "<group>"; };
		8D1BD7D61EF3999A00E2928F /* Reachability.m */ = {isa = PBXFileReference; fileEncoding = 4; lastKnownFileType = sourcecode.c.objc; path = Reachability.m; sourceTree = "<group>"; };
		8D1BD7E21EF39A4700E2928F /* libz.tbd */ = {isa = PBXFileReference; lastKnownFileType = "sourcecode.text-based-dylib-definition"; name = libz.tbd; path = usr/lib/libz.tbd; sourceTree = SDKROOT; };
		8D1BD7E41EF39A5800E2928F /* libstdc++.tbd */ = {isa = PBXFileReference; lastKnownFileType = "sourcecode.text-based-dylib-definition"; name = "libstdc++.tbd"; path = "usr/lib/libstdc++.tbd"; sourceTree = SDKROOT; };
		8D1BD7E61EF39A6B00E2928F /* AVFoundation.framework */ = {isa = PBXFileReference; lastKnownFileType = wrapper.framework; name = AVFoundation.framework; path = System/Library/Frameworks/AVFoundation.framework; sourceTree = SDKROOT; };
		8D1BD7E71EF39A6B00E2928F /* CoreFoundation.framework */ = {isa = PBXFileReference; lastKnownFileType = wrapper.framework; name = CoreFoundation.framework; path = System/Library/Frameworks/CoreFoundation.framework; sourceTree = SDKROOT; };
		8D1BD7E81EF39A6B00E2928F /* Foundation.framework */ = {isa = PBXFileReference; lastKnownFileType = wrapper.framework; name = Foundation.framework; path = System/Library/Frameworks/Foundation.framework; sourceTree = SDKROOT; };
		8D1BD7ED1EF3B42700E2928F /* MASCompositeConstraint.h */ = {isa = PBXFileReference; fileEncoding = 4; lastKnownFileType = sourcecode.c.h; path = MASCompositeConstraint.h; sourceTree = "<group>"; };
		8D1BD7EE1EF3B42700E2928F /* MASCompositeConstraint.m */ = {isa = PBXFileReference; fileEncoding = 4; lastKnownFileType = sourcecode.c.objc; path = MASCompositeConstraint.m; sourceTree = "<group>"; };
		8D1BD7EF1EF3B42700E2928F /* MASConstraint+Private.h */ = {isa = PBXFileReference; fileEncoding = 4; lastKnownFileType = sourcecode.c.h; path = "MASConstraint+Private.h"; sourceTree = "<group>"; };
		8D1BD7F01EF3B42700E2928F /* MASConstraint.h */ = {isa = PBXFileReference; fileEncoding = 4; lastKnownFileType = sourcecode.c.h; path = MASConstraint.h; sourceTree = "<group>"; };
		8D1BD7F11EF3B42700E2928F /* MASConstraint.m */ = {isa = PBXFileReference; fileEncoding = 4; lastKnownFileType = sourcecode.c.objc; path = MASConstraint.m; sourceTree = "<group>"; };
		8D1BD7F21EF3B42700E2928F /* MASConstraintMaker.h */ = {isa = PBXFileReference; fileEncoding = 4; lastKnownFileType = sourcecode.c.h; path = MASConstraintMaker.h; sourceTree = "<group>"; };
		8D1BD7F31EF3B42700E2928F /* MASConstraintMaker.m */ = {isa = PBXFileReference; fileEncoding = 4; lastKnownFileType = sourcecode.c.objc; path = MASConstraintMaker.m; sourceTree = "<group>"; };
		8D1BD7F41EF3B42700E2928F /* MASLayoutConstraint.h */ = {isa = PBXFileReference; fileEncoding = 4; lastKnownFileType = sourcecode.c.h; path = MASLayoutConstraint.h; sourceTree = "<group>"; };
		8D1BD7F51EF3B42700E2928F /* MASLayoutConstraint.m */ = {isa = PBXFileReference; fileEncoding = 4; lastKnownFileType = sourcecode.c.objc; path = MASLayoutConstraint.m; sourceTree = "<group>"; };
		8D1BD7F61EF3B42700E2928F /* Masonry.h */ = {isa = PBXFileReference; fileEncoding = 4; lastKnownFileType = sourcecode.c.h; path = Masonry.h; sourceTree = "<group>"; };
		8D1BD7F71EF3B42700E2928F /* MASUtilities.h */ = {isa = PBXFileReference; fileEncoding = 4; lastKnownFileType = sourcecode.c.h; path = MASUtilities.h; sourceTree = "<group>"; };
		8D1BD7F81EF3B42700E2928F /* MASViewAttribute.h */ = {isa = PBXFileReference; fileEncoding = 4; lastKnownFileType = sourcecode.c.h; path = MASViewAttribute.h; sourceTree = "<group>"; };
		8D1BD7F91EF3B42700E2928F /* MASViewAttribute.m */ = {isa = PBXFileReference; fileEncoding = 4; lastKnownFileType = sourcecode.c.objc; path = MASViewAttribute.m; sourceTree = "<group>"; };
		8D1BD7FA1EF3B42700E2928F /* MASViewConstraint.h */ = {isa = PBXFileReference; fileEncoding = 4; lastKnownFileType = sourcecode.c.h; path = MASViewConstraint.h; sourceTree = "<group>"; };
		8D1BD7FB1EF3B42700E2928F /* MASViewConstraint.m */ = {isa = PBXFileReference; fileEncoding = 4; lastKnownFileType = sourcecode.c.objc; path = MASViewConstraint.m; sourceTree = "<group>"; };
		8D1BD7FC1EF3B42700E2928F /* NSArray+MASAdditions.h */ = {isa = PBXFileReference; fileEncoding = 4; lastKnownFileType = sourcecode.c.h; path = "NSArray+MASAdditions.h"; sourceTree = "<group>"; };
		8D1BD7FD1EF3B42700E2928F /* NSArray+MASAdditions.m */ = {isa = PBXFileReference; fileEncoding = 4; lastKnownFileType = sourcecode.c.objc; path = "NSArray+MASAdditions.m"; sourceTree = "<group>"; };
		8D1BD7FE1EF3B42700E2928F /* NSArray+MASShorthandAdditions.h */ = {isa = PBXFileReference; fileEncoding = 4; lastKnownFileType = sourcecode.c.h; path = "NSArray+MASShorthandAdditions.h"; sourceTree = "<group>"; };
		8D1BD7FF1EF3B42700E2928F /* NSLayoutConstraint+MASDebugAdditions.h */ = {isa = PBXFileReference; fileEncoding = 4; lastKnownFileType = sourcecode.c.h; path = "NSLayoutConstraint+MASDebugAdditions.h"; sourceTree = "<group>"; };
		8D1BD8001EF3B42700E2928F /* NSLayoutConstraint+MASDebugAdditions.m */ = {isa = PBXFileReference; fileEncoding = 4; lastKnownFileType = sourcecode.c.objc; path = "NSLayoutConstraint+MASDebugAdditions.m"; sourceTree = "<group>"; };
		8D1BD8011EF3B42700E2928F /* View+MASAdditions.h */ = {isa = PBXFileReference; fileEncoding = 4; lastKnownFileType = sourcecode.c.h; path = "View+MASAdditions.h"; sourceTree = "<group>"; };
		8D1BD8021EF3B42700E2928F /* View+MASAdditions.m */ = {isa = PBXFileReference; fileEncoding = 4; lastKnownFileType = sourcecode.c.objc; path = "View+MASAdditions.m"; sourceTree = "<group>"; };
		8D1BD8031EF3B42700E2928F /* View+MASShorthandAdditions.h */ = {isa = PBXFileReference; fileEncoding = 4; lastKnownFileType = sourcecode.c.h; path = "View+MASShorthandAdditions.h"; sourceTree = "<group>"; };
		8D1BD8041EF3B42700E2928F /* ViewController+MASAdditions.h */ = {isa = PBXFileReference; fileEncoding = 4; lastKnownFileType = sourcecode.c.h; path = "ViewController+MASAdditions.h"; sourceTree = "<group>"; };
		8D1BD8051EF3B42700E2928F /* ViewController+MASAdditions.m */ = {isa = PBXFileReference; fileEncoding = 4; lastKnownFileType = sourcecode.c.objc; path = "ViewController+MASAdditions.m"; sourceTree = "<group>"; };
		8D1BD8111EF3B43600E2928F /* NSData+ImageContentType.h */ = {isa = PBXFileReference; fileEncoding = 4; lastKnownFileType = sourcecode.c.h; path = "NSData+ImageContentType.h"; sourceTree = "<group>"; };
		8D1BD8121EF3B43600E2928F /* NSData+ImageContentType.m */ = {isa = PBXFileReference; fileEncoding = 4; lastKnownFileType = sourcecode.c.objc; path = "NSData+ImageContentType.m"; sourceTree = "<group>"; };
		8D1BD8131EF3B43600E2928F /* SDImageCache.h */ = {isa = PBXFileReference; fileEncoding = 4; lastKnownFileType = sourcecode.c.h; path = SDImageCache.h; sourceTree = "<group>"; };
		8D1BD8141EF3B43600E2928F /* SDImageCache.m */ = {isa = PBXFileReference; fileEncoding = 4; lastKnownFileType = sourcecode.c.objc; path = SDImageCache.m; sourceTree = "<group>"; };
		8D1BD8151EF3B43600E2928F /* SDWebImageCompat.h */ = {isa = PBXFileReference; fileEncoding = 4; lastKnownFileType = sourcecode.c.h; path = SDWebImageCompat.h; sourceTree = "<group>"; };
		8D1BD8161EF3B43600E2928F /* SDWebImageCompat.m */ = {isa = PBXFileReference; fileEncoding = 4; lastKnownFileType = sourcecode.c.objc; path = SDWebImageCompat.m; sourceTree = "<group>"; };
		8D1BD8171EF3B43600E2928F /* SDWebImageDecoder.h */ = {isa = PBXFileReference; fileEncoding = 4; lastKnownFileType = sourcecode.c.h; path = SDWebImageDecoder.h; sourceTree = "<group>"; };
		8D1BD8181EF3B43600E2928F /* SDWebImageDecoder.m */ = {isa = PBXFileReference; fileEncoding = 4; lastKnownFileType = sourcecode.c.objc; path = SDWebImageDecoder.m; sourceTree = "<group>"; };
		8D1BD8191EF3B43600E2928F /* SDWebImageDownloader.h */ = {isa = PBXFileReference; fileEncoding = 4; lastKnownFileType = sourcecode.c.h; path = SDWebImageDownloader.h; sourceTree = "<group>"; };
		8D1BD81A1EF3B43600E2928F /* SDWebImageDownloader.m */ = {isa = PBXFileReference; fileEncoding = 4; lastKnownFileType = sourcecode.c.objc; path = SDWebImageDownloader.m; sourceTree = "<group>"; };
		8D1BD81B1EF3B43600E2928F /* SDWebImageDownloaderOperation.h */ = {isa = PBXFileReference; fileEncoding = 4; lastKnownFileType = sourcecode.c.h; path = SDWebImageDownloaderOperation.h; sourceTree = "<group>"; };
		8D1BD81C1EF3B43600E2928F /* SDWebImageDownloaderOperation.m */ = {isa = PBXFileReference; fileEncoding = 4; lastKnownFileType = sourcecode.c.objc; path = SDWebImageDownloaderOperation.m; sourceTree = "<group>"; };
		8D1BD81D1EF3B43600E2928F /* SDWebImageManager.h */ = {isa = PBXFileReference; fileEncoding = 4; lastKnownFileType = sourcecode.c.h; path = SDWebImageManager.h; sourceTree = "<group>"; };
		8D1BD81E1EF3B43600E2928F /* SDWebImageManager.m */ = {isa = PBXFileReference; fileEncoding = 4; lastKnownFileType = sourcecode.c.objc; path = SDWebImageManager.m; sourceTree = "<group>"; };
		8D1BD81F1EF3B43600E2928F /* SDWebImageOperation.h */ = {isa = PBXFileReference; fileEncoding = 4; lastKnownFileType = sourcecode.c.h; path = SDWebImageOperation.h; sourceTree = "<group>"; };
		8D1BD8201EF3B43600E2928F /* SDWebImagePrefetcher.h */ = {isa = PBXFileReference; fileEncoding = 4; lastKnownFileType = sourcecode.c.h; path = SDWebImagePrefetcher.h; sourceTree = "<group>"; };
		8D1BD8211EF3B43600E2928F /* SDWebImagePrefetcher.m */ = {isa = PBXFileReference; fileEncoding = 4; lastKnownFileType = sourcecode.c.objc; path = SDWebImagePrefetcher.m; sourceTree = "<group>"; };
		8D1BD8221EF3B43600E2928F /* UIButton+WebCache.h */ = {isa = PBXFileReference; fileEncoding = 4; lastKnownFileType = sourcecode.c.h; path = "UIButton+WebCache.h"; sourceTree = "<group>"; };
		8D1BD8231EF3B43600E2928F /* UIButton+WebCache.m */ = {isa = PBXFileReference; fileEncoding = 4; lastKnownFileType = sourcecode.c.objc; path = "UIButton+WebCache.m"; sourceTree = "<group>"; };
		8D1BD8241EF3B43600E2928F /* UIImage+GIF.h */ = {isa = PBXFileReference; fileEncoding = 4; lastKnownFileType = sourcecode.c.h; path = "UIImage+GIF.h"; sourceTree = "<group>"; };
		8D1BD8251EF3B43600E2928F /* UIImage+GIF.m */ = {isa = PBXFileReference; fileEncoding = 4; lastKnownFileType = sourcecode.c.objc; path = "UIImage+GIF.m"; sourceTree = "<group>"; };
		8D1BD8261EF3B43600E2928F /* UIImage+MultiFormat.h */ = {isa = PBXFileReference; fileEncoding = 4; lastKnownFileType = sourcecode.c.h; path = "UIImage+MultiFormat.h"; sourceTree = "<group>"; };
		8D1BD8271EF3B43600E2928F /* UIImage+MultiFormat.m */ = {isa = PBXFileReference; fileEncoding = 4; lastKnownFileType = sourcecode.c.objc; path = "UIImage+MultiFormat.m"; sourceTree = "<group>"; };
		8D1BD8281EF3B43600E2928F /* UIImageView+HighlightedWebCache.h */ = {isa = PBXFileReference; fileEncoding = 4; lastKnownFileType = sourcecode.c.h; path = "UIImageView+HighlightedWebCache.h"; sourceTree = "<group>"; };
		8D1BD8291EF3B43600E2928F /* UIImageView+HighlightedWebCache.m */ = {isa = PBXFileReference; fileEncoding = 4; lastKnownFileType = sourcecode.c.objc; path = "UIImageView+HighlightedWebCache.m"; sourceTree = "<group>"; };
		8D1BD82A1EF3B43600E2928F /* UIImageView+WebCache.h */ = {isa = PBXFileReference; fileEncoding = 4; lastKnownFileType = sourcecode.c.h; path = "UIImageView+WebCache.h"; sourceTree = "<group>"; };
		8D1BD82B1EF3B43600E2928F /* UIImageView+WebCache.m */ = {isa = PBXFileReference; fileEncoding = 4; lastKnownFileType = sourcecode.c.objc; path = "UIImageView+WebCache.m"; sourceTree = "<group>"; };
		8D1BD82C1EF3B43600E2928F /* UIView+WebCacheOperation.h */ = {isa = PBXFileReference; fileEncoding = 4; lastKnownFileType = sourcecode.c.h; path = "UIView+WebCacheOperation.h"; sourceTree = "<group>"; };
		8D1BD82D1EF3B43600E2928F /* UIView+WebCacheOperation.m */ = {isa = PBXFileReference; fileEncoding = 4; lastKnownFileType = sourcecode.c.objc; path = "UIView+WebCacheOperation.m"; sourceTree = "<group>"; };
		8D1BD83D1EF3B7AA00E2928F /* NSMutableArray+STKAudioPlayer.h */ = {isa = PBXFileReference; fileEncoding = 4; lastKnownFileType = sourcecode.c.h; path = "NSMutableArray+STKAudioPlayer.h"; sourceTree = "<group>"; };
		8D1BD83E1EF3B7AA00E2928F /* NSMutableArray+STKAudioPlayer.m */ = {isa = PBXFileReference; fileEncoding = 4; lastKnownFileType = sourcecode.c.objc; path = "NSMutableArray+STKAudioPlayer.m"; sourceTree = "<group>"; };
		8D1BD83F1EF3B7AA00E2928F /* STKAudioPlayer.h */ = {isa = PBXFileReference; fileEncoding = 4; lastKnownFileType = sourcecode.c.h; path = STKAudioPlayer.h; sourceTree = "<group>"; };
		8D1BD8401EF3B7AA00E2928F /* STKAudioPlayer.m */ = {isa = PBXFileReference; fileEncoding = 4; lastKnownFileType = sourcecode.c.objc; path = STKAudioPlayer.m; sourceTree = "<group>"; };
		8D1BD8411EF3B7AA00E2928F /* STKAutoRecoveringHTTPDataSource.h */ = {isa = PBXFileReference; fileEncoding = 4; lastKnownFileType = sourcecode.c.h; path = STKAutoRecoveringHTTPDataSource.h; sourceTree = "<group>"; };
		8D1BD8421EF3B7AA00E2928F /* STKAutoRecoveringHTTPDataSource.m */ = {isa = PBXFileReference; fileEncoding = 4; lastKnownFileType = sourcecode.c.objc; path = STKAutoRecoveringHTTPDataSource.m; sourceTree = "<group>"; };
		8D1BD8431EF3B7AA00E2928F /* STKCoreFoundationDataSource.h */ = {isa = PBXFileReference; fileEncoding = 4; lastKnownFileType = sourcecode.c.h; path = STKCoreFoundationDataSource.h; sourceTree = "<group>"; };
		8D1BD8441EF3B7AA00E2928F /* STKCoreFoundationDataSource.m */ = {isa = PBXFileReference; fileEncoding = 4; lastKnownFileType = sourcecode.c.objc; path = STKCoreFoundationDataSource.m; sourceTree = "<group>"; };
		8D1BD8451EF3B7AA00E2928F /* STKDataSource.h */ = {isa = PBXFileReference; fileEncoding = 4; lastKnownFileType = sourcecode.c.h; path = STKDataSource.h; sourceTree = "<group>"; };
		8D1BD8461EF3B7AA00E2928F /* STKDataSource.m */ = {isa = PBXFileReference; fileEncoding = 4; lastKnownFileType = sourcecode.c.objc; path = STKDataSource.m; sourceTree = "<group>"; };
		8D1BD8471EF3B7AA00E2928F /* STKDataSourceWrapper.h */ = {isa = PBXFileReference; fileEncoding = 4; lastKnownFileType = sourcecode.c.h; path = STKDataSourceWrapper.h; sourceTree = "<group>"; };
		8D1BD8481EF3B7AA00E2928F /* STKDataSourceWrapper.m */ = {isa = PBXFileReference; fileEncoding = 4; lastKnownFileType = sourcecode.c.objc; path = STKDataSourceWrapper.m; sourceTree = "<group>"; };
		8D1BD8491EF3B7AA00E2928F /* STKHTTPDataSource.h */ = {isa = PBXFileReference; fileEncoding = 4; lastKnownFileType = sourcecode.c.h; path = STKHTTPDataSource.h; sourceTree = "<group>"; };
		8D1BD84A1EF3B7AA00E2928F /* STKHTTPDataSource.m */ = {isa = PBXFileReference; fileEncoding = 4; lastKnownFileType = sourcecode.c.objc; path = STKHTTPDataSource.m; sourceTree = "<group>"; };
		8D1BD84B1EF3B7AA00E2928F /* STKLocalFileDataSource.h */ = {isa = PBXFileReference; fileEncoding = 4; lastKnownFileType = sourcecode.c.h; path = STKLocalFileDataSource.h; sourceTree = "<group>"; };
		8D1BD84C1EF3B7AA00E2928F /* STKLocalFileDataSource.m */ = {isa = PBXFileReference; fileEncoding = 4; lastKnownFileType = sourcecode.c.objc; path = STKLocalFileDataSource.m; sourceTree = "<group>"; };
		8D1BD84D1EF3B7AA00E2928F /* STKQueueEntry.h */ = {isa = PBXFileReference; fileEncoding = 4; lastKnownFileType = sourcecode.c.h; path = STKQueueEntry.h; sourceTree = "<group>"; };
		8D1BD84E1EF3B7AA00E2928F /* STKQueueEntry.m */ = {isa = PBXFileReference; fileEncoding = 4; lastKnownFileType = sourcecode.c.objc; path = STKQueueEntry.m; sourceTree = "<group>"; };
		8D1BD84F1EF3B7AA00E2928F /* StreamingKit-Prefix.pch */ = {isa = PBXFileReference; fileEncoding = 4; lastKnownFileType = sourcecode.c.h; path = "StreamingKit-Prefix.pch"; sourceTree = "<group>"; };
		8D39B4D820CF9B89009A60BD /* DownloadCenter.h */ = {isa = PBXFileReference; lastKnownFileType = sourcecode.c.h; path = DownloadCenter.h; sourceTree = "<group>"; };
		8D39B4D920CF9B89009A60BD /* DownloadCenter.m */ = {isa = PBXFileReference; lastKnownFileType = sourcecode.c.objc; path = DownloadCenter.m; sourceTree = "<group>"; };
		8D39B4DC20CFA1A7009A60BD /* UserDefaultCenter.h */ = {isa = PBXFileReference; lastKnownFileType = sourcecode.c.h; path = UserDefaultCenter.h; sourceTree = "<group>"; };
		8D39B4DD20CFA1A7009A60BD /* UserDefaultCenter.m */ = {isa = PBXFileReference; lastKnownFileType = sourcecode.c.objc; path = UserDefaultCenter.m; sourceTree = "<group>"; };
		8D686D2E20E099C60033BC49 /* PlayQueueID.h */ = {isa = PBXFileReference; lastKnownFileType = sourcecode.c.h; path = PlayQueueID.h; sourceTree = "<group>"; };
		8D686D2F20E099C60033BC49 /* PlayQueueID.m */ = {isa = PBXFileReference; lastKnownFileType = sourcecode.c.objc; path = PlayQueueID.m; sourceTree = "<group>"; };
		8D686D3120E0EFBA0033BC49 /* FileMD5Tools.h */ = {isa = PBXFileReference; lastKnownFileType = sourcecode.c.h; path = FileMD5Tools.h; sourceTree = "<group>"; };
		8D686D3220E0EFBA0033BC49 /* FileMD5Tools.m */ = {isa = PBXFileReference; lastKnownFileType = sourcecode.c.objc; path = FileMD5Tools.m; sourceTree = "<group>"; };
		8D7952F320CA621200E94DFC /* PlayCenter.h */ = {isa = PBXFileReference; lastKnownFileType = sourcecode.c.h; path = PlayCenter.h; sourceTree = "<group>"; };
		8D7952F420CA621200E94DFC /* PlayCenter.m */ = {isa = PBXFileReference; lastKnownFileType = sourcecode.c.objc; path = PlayCenter.m; sourceTree = "<group>"; };
		8D7952F720CA650B00E94DFC /* LGReachability.h */ = {isa = PBXFileReference; fileEncoding = 4; lastKnownFileType = sourcecode.c.h; path = LGReachability.h; sourceTree = "<group>"; };
		8D7952F820CA650B00E94DFC /* LGReachability.m */ = {isa = PBXFileReference; fileEncoding = 4; lastKnownFileType = sourcecode.c.objc; path = LGReachability.m; sourceTree = "<group>"; };
		8D7952FA20CA657800E94DFC /* Sentry.framework */ = {isa = PBXFileReference; lastKnownFileType = wrapper.framework; path = Sentry.framework; sourceTree = "<group>"; };
		8D7C6B1B20CA775A00A9F764 /* DefString.h */ = {isa = PBXFileReference; lastKnownFileType = sourcecode.c.h; path = DefString.h; sourceTree = "<group>"; };
		8D7C6B1C20CE5DC200A9F764 /* SoundRequestEngine.h */ = {isa = PBXFileReference; lastKnownFileType = sourcecode.c.h; path = SoundRequestEngine.h; sourceTree = "<group>"; };
		8D7C6B1D20CE5DC200A9F764 /* SoundRequestEngine.m */ = {isa = PBXFileReference; lastKnownFileType = sourcecode.c.objc; path = SoundRequestEngine.m; sourceTree = "<group>"; };
		8D7C6B1F20CF731600A9F764 /* APIURL.h */ = {isa = PBXFileReference; lastKnownFileType = sourcecode.c.h; path = APIURL.h; sourceTree = "<group>"; };
/* End PBXFileReference section */

/* Begin PBXFrameworksBuildPhase section */
		8D1BD6CC1EF294BF00E2928F /* Frameworks */ = {
			isa = PBXFrameworksBuildPhase;
			buildActionMask = 2147483647;
			files = (
				8D1BD7E91EF39A6B00E2928F /* AVFoundation.framework in Frameworks */,
				8D1BD7EA1EF39A6B00E2928F /* CoreFoundation.framework in Frameworks */,
				8D1BD7EB1EF39A6B00E2928F /* Foundation.framework in Frameworks */,
				8D1BD7E51EF39A5800E2928F /* libstdc++.tbd in Frameworks */,
				8D1BD7E31EF39A4700E2928F /* libz.tbd in Frameworks */,
			);
			runOnlyForDeploymentPostprocessing = 0;
		};
		8D1BD6E51EF294BF00E2928F /* Frameworks */ = {
			isa = PBXFrameworksBuildPhase;
			buildActionMask = 2147483647;
			files = (
			);
			runOnlyForDeploymentPostprocessing = 0;
		};
/* End PBXFrameworksBuildPhase section */

/* Begin PBXGroup section */
		8D1BD6C61EF294BF00E2928F = {
			isa = PBXGroup;
			children = (
				8D1BD6D11EF294BF00E2928F /* PlayerDemo */,
				8D1BD6EB1EF294BF00E2928F /* PlayerDemoUITests */,
				8D1BD6D01EF294BF00E2928F /* Products */,
				8D1BD7E11EF39A4700E2928F /* Frameworks */,
			);
			sourceTree = "<group>";
		};
		8D1BD6D01EF294BF00E2928F /* Products */ = {
			isa = PBXGroup;
			children = (
				8D1BD6CF1EF294BF00E2928F /* PlayerDemo.app */,
				8D1BD6E81EF294BF00E2928F /* PlayerDemoUITests.xctest */,
			);
			name = Products;
			sourceTree = "<group>";
		};
		8D1BD6D11EF294BF00E2928F /* PlayerDemo */ = {
			isa = PBXGroup;
			children = (
				8D7C6B2020CF968000A9F764 /* ViewController */,
				8D1BD7071EF395E700E2928F /* Plugin */,
				8D1BD7001EF3933E00E2928F /* RequestEngine */,
				8D1BD6FC1EF392CD00E2928F /* Model */,
				8DF1CCD920CA7630004C8893 /* Static */,
				8D39B4DB20CFA17F009A60BD /* UserDefaultCenter */,
				8D6ECE0320CF99E10047E710 /* DownloadCenter */,
				8D1BD6F71EF2987E00E2928F /* PlayCenter */,
				8D1BD6D51EF294BF00E2928F /* AppDelegate.h */,
				8D1BD6D61EF294BF00E2928F /* AppDelegate.m */,
				8D1BD6DB1EF294BF00E2928F /* Main.storyboard */,
				8D1BD6DE1EF294BF00E2928F /* Assets.xcassets */,
				8D1BD6E01EF294BF00E2928F /* LaunchScreen.storyboard */,
				8D1BD6E31EF294BF00E2928F /* Info.plist */,
				8D1BD6D21EF294BF00E2928F /* Supporting Files */,
			);
			path = PlayerDemo;
			sourceTree = "<group>";
		};
		8D1BD6D21EF294BF00E2928F /* Supporting Files */ = {
			isa = PBXGroup;
			children = (
				8D1BD6D31EF294BF00E2928F /* main.m */,
				8D1BD6FB1EF2998600E2928F /* PlayerDemo.pch */,
			);
			name = "Supporting Files";
			sourceTree = "<group>";
		};
		8D1BD6EB1EF294BF00E2928F /* PlayerDemoUITests */ = {
			isa = PBXGroup;
			children = (
				8D1BD6EC1EF294BF00E2928F /* PlayerDemoUITests.m */,
				8D1BD6EE1EF294BF00E2928F /* Info.plist */,
			);
			path = PlayerDemoUITests;
			sourceTree = "<group>";
		};
		8D1BD6F71EF2987E00E2928F /* PlayCenter */ = {
			isa = PBXGroup;
			children = (
				8D7952F320CA621200E94DFC /* PlayCenter.h */,
				8D7952F420CA621200E94DFC /* PlayCenter.m */,
				8D686D2E20E099C60033BC49 /* PlayQueueID.h */,
				8D686D2F20E099C60033BC49 /* PlayQueueID.m */,
			);
			name = PlayCenter;
			sourceTree = "<group>";
		};
		8D1BD6FC1EF392CD00E2928F /* Model */ = {
			isa = PBXGroup;
			children = (
				8D1BD6FD1EF3933700E2928F /* SoundModel.h */,
				8D1BD6FE1EF3933700E2928F /* SoundModel.m */,
			);
			name = Model;
			sourceTree = "<group>";
		};
		8D1BD7001EF3933E00E2928F /* RequestEngine */ = {
			isa = PBXGroup;
			children = (
				8D1BD7041EF3949D00E2928F /* RequestEngine.h */,
				8D1BD7051EF3949D00E2928F /* RequestEngine.m */,
				8D7C6B1C20CE5DC200A9F764 /* SoundRequestEngine.h */,
				8D7C6B1D20CE5DC200A9F764 /* SoundRequestEngine.m */,
			);
			name = RequestEngine;
			sourceTree = "<group>";
		};
		8D1BD7071EF395E700E2928F /* Plugin */ = {
			isa = PBXGroup;
			children = (
				8D7952F620CA64EE00E94DFC /* LGReachability */,
				8D1BD83C1EF3B7AA00E2928F /* StreamingKit */,
				8D1BD8101EF3B43600E2928F /* SDWebImage */,
				8D1BD7EC1EF3B42700E2928F /* Masonry */,
				8D1BD7BD1EF3999A00E2928F /* ASI */,
				8D1BD7081EF395F500E2928F /* AFNetworking */,
			);
			name = Plugin;
			sourceTree = "<group>";
		};
		8D1BD7081EF395F500E2928F /* AFNetworking */ = {
			isa = PBXGroup;
			children = (
				8D1BD7091EF395F500E2928F /* AFHTTPRequestOperation.h */,
				8D1BD70A1EF395F500E2928F /* AFHTTPRequestOperation.m */,
				8D1BD70B1EF395F500E2928F /* AFHTTPRequestOperationManager.h */,
				8D1BD70C1EF395F500E2928F /* AFHTTPRequestOperationManager.m */,
				8D1BD70D1EF395F500E2928F /* AFHTTPSessionManager.h */,
				8D1BD70E1EF395F500E2928F /* AFHTTPSessionManager.m */,
				8D1BD70F1EF395F500E2928F /* AFNetworking.h */,
				8D1BD7101EF395F500E2928F /* AFNetworkReachabilityManager.h */,
				8D1BD7111EF395F500E2928F /* AFNetworkReachabilityManager.m */,
				8D1BD7121EF395F500E2928F /* AFSecurityPolicy.h */,
				8D1BD7131EF395F500E2928F /* AFSecurityPolicy.m */,
				8D1BD7141EF395F500E2928F /* AFURLConnectionOperation.h */,
				8D1BD7151EF395F500E2928F /* AFURLConnectionOperation.m */,
				8D1BD7161EF395F500E2928F /* AFURLRequestSerialization.h */,
				8D1BD7171EF395F500E2928F /* AFURLRequestSerialization.m */,
				8D1BD7181EF395F500E2928F /* AFURLResponseSerialization.h */,
				8D1BD7191EF395F500E2928F /* AFURLResponseSerialization.m */,
				8D1BD71A1EF395F500E2928F /* AFURLSessionManager.h */,
				8D1BD71B1EF395F500E2928F /* AFURLSessionManager.m */,
				8D1BD71C1EF395F500E2928F /* UIKit+AFNetworking */,
			);
			path = AFNetworking;
			sourceTree = "<group>";
		};
		8D1BD71C1EF395F500E2928F /* UIKit+AFNetworking */ = {
			isa = PBXGroup;
			children = (
				8D1BD71D1EF395F500E2928F /* AFNetworkActivityIndicatorManager.h */,
				8D1BD71E1EF395F500E2928F /* AFNetworkActivityIndicatorManager.m */,
				8D1BD71F1EF395F500E2928F /* UIActivityIndicatorView+AFNetworking.h */,
				8D1BD7201EF395F500E2928F /* UIActivityIndicatorView+AFNetworking.m */,
				8D1BD7211EF395F500E2928F /* UIAlertView+AFNetworking.h */,
				8D1BD7221EF395F500E2928F /* UIAlertView+AFNetworking.m */,
				8D1BD7231EF395F500E2928F /* UIButton+AFNetworking.h */,
				8D1BD7241EF395F500E2928F /* UIButton+AFNetworking.m */,
				8D1BD7251EF395F500E2928F /* UIImageView+AFNetworking.h */,
				8D1BD7261EF395F500E2928F /* UIImageView+AFNetworking.m */,
				8D1BD7271EF395F500E2928F /* UIKit+AFNetworking.h */,
				8D1BD7281EF395F500E2928F /* UIProgressView+AFNetworking.h */,
				8D1BD7291EF395F500E2928F /* UIProgressView+AFNetworking.m */,
				8D1BD72A1EF395F500E2928F /* UIRefreshControl+AFNetworking.h */,
				8D1BD72B1EF395F500E2928F /* UIRefreshControl+AFNetworking.m */,
				8D1BD72C1EF395F500E2928F /* UIWebView+AFNetworking.h */,
				8D1BD72D1EF395F500E2928F /* UIWebView+AFNetworking.m */,
			);
			path = "UIKit+AFNetworking";
			sourceTree = "<group>";
		};
		8D1BD7BD1EF3999A00E2928F /* ASI */ = {
			isa = PBXGroup;
			children = (
				8D1BD7BE1EF3999A00E2928F /* ASIAuthenticationDialog.h */,
				8D1BD7BF1EF3999A00E2928F /* ASIAuthenticationDialog.m */,
				8D1BD7C01EF3999A00E2928F /* ASICacheDelegate.h */,
				8D1BD7C11EF3999A00E2928F /* ASIDataCompressor.h */,
				8D1BD7C21EF3999A00E2928F /* ASIDataCompressor.m */,
				8D1BD7C31EF3999A00E2928F /* ASIDataDecompressor.h */,
				8D1BD7C41EF3999A00E2928F /* ASIDataDecompressor.m */,
				8D1BD7C51EF3999A00E2928F /* ASIDownloadCache.h */,
				8D1BD7C61EF3999A00E2928F /* ASIDownloadCache.m */,
				8D1BD7C71EF3999A00E2928F /* ASIFormDataRequest.h */,
				8D1BD7C81EF3999A00E2928F /* ASIFormDataRequest.m */,
				8D1BD7C91EF3999A00E2928F /* ASIHTTPRequest.h */,
				8D1BD7CA1EF3999A00E2928F /* ASIHTTPRequest.m */,
				8D1BD7CB1EF3999A00E2928F /* ASIHTTPRequestConfig.h */,
				8D1BD7CC1EF3999A00E2928F /* ASIHTTPRequestDelegate.h */,
				8D1BD7CD1EF3999A00E2928F /* ASIInputStream.h */,
				8D1BD7CE1EF3999A00E2928F /* ASIInputStream.m */,
				8D1BD7CF1EF3999A00E2928F /* ASINetworkQueue.h */,
				8D1BD7D01EF3999A00E2928F /* ASINetworkQueue.m */,
				8D1BD7D11EF3999A00E2928F /* ASIProgressDelegate.h */,
				8D1BD7D21EF3999A00E2928F /* LHNetworkQueue.h */,
				8D1BD7D31EF3999A00E2928F /* LHNetworkQueue.m */,
				8D1BD7D41EF3999A00E2928F /* Reachability */,
			);
			path = ASI;
			sourceTree = "<group>";
		};
		8D1BD7D41EF3999A00E2928F /* Reachability */ = {
			isa = PBXGroup;
			children = (
				8D1BD7D51EF3999A00E2928F /* Reachability.h */,
				8D1BD7D61EF3999A00E2928F /* Reachability.m */,
			);
			path = Reachability;
			sourceTree = "<group>";
		};
		8D1BD7E11EF39A4700E2928F /* Frameworks */ = {
			isa = PBXGroup;
			children = (
				8D7952FA20CA657800E94DFC /* Sentry.framework */,
				8D1BD7E61EF39A6B00E2928F /* AVFoundation.framework */,
				8D1BD7E71EF39A6B00E2928F /* CoreFoundation.framework */,
				8D1BD7E81EF39A6B00E2928F /* Foundation.framework */,
				8D1BD7E41EF39A5800E2928F /* libstdc++.tbd */,
				8D1BD7E21EF39A4700E2928F /* libz.tbd */,
			);
			name = Frameworks;
			sourceTree = "<group>";
		};
		8D1BD7EC1EF3B42700E2928F /* Masonry */ = {
			isa = PBXGroup;
			children = (
				8D1BD7ED1EF3B42700E2928F /* MASCompositeConstraint.h */,
				8D1BD7EE1EF3B42700E2928F /* MASCompositeConstraint.m */,
				8D1BD7EF1EF3B42700E2928F /* MASConstraint+Private.h */,
				8D1BD7F01EF3B42700E2928F /* MASConstraint.h */,
				8D1BD7F11EF3B42700E2928F /* MASConstraint.m */,
				8D1BD7F21EF3B42700E2928F /* MASConstraintMaker.h */,
				8D1BD7F31EF3B42700E2928F /* MASConstraintMaker.m */,
				8D1BD7F41EF3B42700E2928F /* MASLayoutConstraint.h */,
				8D1BD7F51EF3B42700E2928F /* MASLayoutConstraint.m */,
				8D1BD7F61EF3B42700E2928F /* Masonry.h */,
				8D1BD7F71EF3B42700E2928F /* MASUtilities.h */,
				8D1BD7F81EF3B42700E2928F /* MASViewAttribute.h */,
				8D1BD7F91EF3B42700E2928F /* MASViewAttribute.m */,
				8D1BD7FA1EF3B42700E2928F /* MASViewConstraint.h */,
				8D1BD7FB1EF3B42700E2928F /* MASViewConstraint.m */,
				8D1BD7FC1EF3B42700E2928F /* NSArray+MASAdditions.h */,
				8D1BD7FD1EF3B42700E2928F /* NSArray+MASAdditions.m */,
				8D1BD7FE1EF3B42700E2928F /* NSArray+MASShorthandAdditions.h */,
				8D1BD7FF1EF3B42700E2928F /* NSLayoutConstraint+MASDebugAdditions.h */,
				8D1BD8001EF3B42700E2928F /* NSLayoutConstraint+MASDebugAdditions.m */,
				8D1BD8011EF3B42700E2928F /* View+MASAdditions.h */,
				8D1BD8021EF3B42700E2928F /* View+MASAdditions.m */,
				8D1BD8031EF3B42700E2928F /* View+MASShorthandAdditions.h */,
				8D1BD8041EF3B42700E2928F /* ViewController+MASAdditions.h */,
				8D1BD8051EF3B42700E2928F /* ViewController+MASAdditions.m */,
			);
			path = Masonry;
			sourceTree = "<group>";
		};
		8D1BD8101EF3B43600E2928F /* SDWebImage */ = {
			isa = PBXGroup;
			children = (
				8D1BD8111EF3B43600E2928F /* NSData+ImageContentType.h */,
				8D1BD8121EF3B43600E2928F /* NSData+ImageContentType.m */,
				8D1BD8131EF3B43600E2928F /* SDImageCache.h */,
				8D1BD8141EF3B43600E2928F /* SDImageCache.m */,
				8D1BD8151EF3B43600E2928F /* SDWebImageCompat.h */,
				8D1BD8161EF3B43600E2928F /* SDWebImageCompat.m */,
				8D1BD8171EF3B43600E2928F /* SDWebImageDecoder.h */,
				8D1BD8181EF3B43600E2928F /* SDWebImageDecoder.m */,
				8D1BD8191EF3B43600E2928F /* SDWebImageDownloader.h */,
				8D1BD81A1EF3B43600E2928F /* SDWebImageDownloader.m */,
				8D1BD81B1EF3B43600E2928F /* SDWebImageDownloaderOperation.h */,
				8D1BD81C1EF3B43600E2928F /* SDWebImageDownloaderOperation.m */,
				8D1BD81D1EF3B43600E2928F /* SDWebImageManager.h */,
				8D1BD81E1EF3B43600E2928F /* SDWebImageManager.m */,
				8D1BD81F1EF3B43600E2928F /* SDWebImageOperation.h */,
				8D1BD8201EF3B43600E2928F /* SDWebImagePrefetcher.h */,
				8D1BD8211EF3B43600E2928F /* SDWebImagePrefetcher.m */,
				8D1BD8221EF3B43600E2928F /* UIButton+WebCache.h */,
				8D1BD8231EF3B43600E2928F /* UIButton+WebCache.m */,
				8D1BD8241EF3B43600E2928F /* UIImage+GIF.h */,
				8D1BD8251EF3B43600E2928F /* UIImage+GIF.m */,
				8D1BD8261EF3B43600E2928F /* UIImage+MultiFormat.h */,
				8D1BD8271EF3B43600E2928F /* UIImage+MultiFormat.m */,
				8D1BD8281EF3B43600E2928F /* UIImageView+HighlightedWebCache.h */,
				8D1BD8291EF3B43600E2928F /* UIImageView+HighlightedWebCache.m */,
				8D1BD82A1EF3B43600E2928F /* UIImageView+WebCache.h */,
				8D1BD82B1EF3B43600E2928F /* UIImageView+WebCache.m */,
				8D1BD82C1EF3B43600E2928F /* UIView+WebCacheOperation.h */,
				8D1BD82D1EF3B43600E2928F /* UIView+WebCacheOperation.m */,
			);
			path = SDWebImage;
			sourceTree = "<group>";
		};
		8D1BD83C1EF3B7AA00E2928F /* StreamingKit */ = {
			isa = PBXGroup;
			children = (
				8D1BD83D1EF3B7AA00E2928F /* NSMutableArray+STKAudioPlayer.h */,
				8D1BD83E1EF3B7AA00E2928F /* NSMutableArray+STKAudioPlayer.m */,
				8D1BD83F1EF3B7AA00E2928F /* STKAudioPlayer.h */,
				8D1BD8401EF3B7AA00E2928F /* STKAudioPlayer.m */,
				8D1BD8411EF3B7AA00E2928F /* STKAutoRecoveringHTTPDataSource.h */,
				8D1BD8421EF3B7AA00E2928F /* STKAutoRecoveringHTTPDataSource.m */,
				8D1BD8431EF3B7AA00E2928F /* STKCoreFoundationDataSource.h */,
				8D1BD8441EF3B7AA00E2928F /* STKCoreFoundationDataSource.m */,
				8D1BD8451EF3B7AA00E2928F /* STKDataSource.h */,
				8D1BD8461EF3B7AA00E2928F /* STKDataSource.m */,
				8D1BD8471EF3B7AA00E2928F /* STKDataSourceWrapper.h */,
				8D1BD8481EF3B7AA00E2928F /* STKDataSourceWrapper.m */,
				8D1BD8491EF3B7AA00E2928F /* STKHTTPDataSource.h */,
				8D1BD84A1EF3B7AA00E2928F /* STKHTTPDataSource.m */,
				8D1BD84B1EF3B7AA00E2928F /* STKLocalFileDataSource.h */,
				8D1BD84C1EF3B7AA00E2928F /* STKLocalFileDataSource.m */,
				8D1BD84D1EF3B7AA00E2928F /* STKQueueEntry.h */,
				8D1BD84E1EF3B7AA00E2928F /* STKQueueEntry.m */,
				8D1BD84F1EF3B7AA00E2928F /* StreamingKit-Prefix.pch */,
			);
			path = StreamingKit;
			sourceTree = "<group>";
		};
		8D39B4DB20CFA17F009A60BD /* UserDefaultCenter */ = {
			isa = PBXGroup;
			children = (
				8D39B4DC20CFA1A7009A60BD /* UserDefaultCenter.h */,
				8D39B4DD20CFA1A7009A60BD /* UserDefaultCenter.m */,
			);
			name = UserDefaultCenter;
			sourceTree = "<group>";
		};
		8D6ECE0320CF99E10047E710 /* DownloadCenter */ = {
			isa = PBXGroup;
			children = (
				8D39B4D820CF9B89009A60BD /* DownloadCenter.h */,
				8D39B4D920CF9B89009A60BD /* DownloadCenter.m */,
				8D686D3120E0EFBA0033BC49 /* FileMD5Tools.h */,
				8D686D3220E0EFBA0033BC49 /* FileMD5Tools.m */,
			);
			name = DownloadCenter;
			sourceTree = "<group>";
		};
		8D7952F620CA64EE00E94DFC /* LGReachability */ = {
			isa = PBXGroup;
			children = (
				8D7952F720CA650B00E94DFC /* LGReachability.h */,
				8D7952F820CA650B00E94DFC /* LGReachability.m */,
			);
			path = LGReachability;
			sourceTree = "<group>";
		};
		8D7C6B2020CF968000A9F764 /* ViewController */ = {
			isa = PBXGroup;
			children = (
				8D1BD6D81EF294BF00E2928F /* ViewController.h */,
				8D1BD6D91EF294BF00E2928F /* ViewController.m */,
			);
			name = ViewController;
			sourceTree = "<group>";
		};
		8DF1CCD920CA7630004C8893 /* Static */ = {
			isa = PBXGroup;
			children = (
				8D7C6B1B20CA775A00A9F764 /* DefString.h */,
				8D7C6B1F20CF731600A9F764 /* APIURL.h */,
			);
			name = Static;
			sourceTree = "<group>";
		};
/* End PBXGroup section */

/* Begin PBXNativeTarget section */
		8D1BD6CE1EF294BF00E2928F /* PlayerDemo */ = {
			isa = PBXNativeTarget;
			buildConfigurationList = 8D1BD6F11EF294BF00E2928F /* Build configuration list for PBXNativeTarget "PlayerDemo" */;
			buildPhases = (
				8D1BD6CB1EF294BF00E2928F /* Sources */,
				8D1BD6CC1EF294BF00E2928F /* Frameworks */,
				8D1BD6CD1EF294BF00E2928F /* Resources */,
				8D7952FE20CA658B00E94DFC /* Embed Frameworks */,
				8D7952FF20CA65A000E94DFC /* ShellScript */,
			);
			buildRules = (
			);
			dependencies = (
			);
			name = PlayerDemo;
			productName = PlayerDemo;
			productReference = 8D1BD6CF1EF294BF00E2928F /* PlayerDemo.app */;
			productType = "com.apple.product-type.application";
		};
		8D1BD6E71EF294BF00E2928F /* PlayerDemoUITests */ = {
			isa = PBXNativeTarget;
			buildConfigurationList = 8D1BD6F41EF294BF00E2928F /* Build configuration list for PBXNativeTarget "PlayerDemoUITests" */;
			buildPhases = (
				8D1BD6E41EF294BF00E2928F /* Sources */,
				8D1BD6E51EF294BF00E2928F /* Frameworks */,
				8D1BD6E61EF294BF00E2928F /* Resources */,
			);
			buildRules = (
			);
			dependencies = (
				8D1BD6EA1EF294BF00E2928F /* PBXTargetDependency */,
			);
			name = PlayerDemoUITests;
			productName = PlayerDemoUITests;
			productReference = 8D1BD6E81EF294BF00E2928F /* PlayerDemoUITests.xctest */;
			productType = "com.apple.product-type.bundle.ui-testing";
		};
/* End PBXNativeTarget section */

/* Begin PBXProject section */
		8D1BD6C71EF294BF00E2928F /* Project object */ = {
			isa = PBXProject;
			attributes = {
				LastUpgradeCheck = 0830;
				ORGANIZATIONNAME = "林开宇";
				TargetAttributes = {
					8D1BD6CE1EF294BF00E2928F = {
						CreatedOnToolsVersion = 8.3.2;
						DevelopmentTeam = 9RP82T9UKG;
						ProvisioningStyle = Automatic;
						SystemCapabilities = {
							com.apple.BackgroundModes = {
								enabled = 1;
							};
						};
					};
					8D1BD6E71EF294BF00E2928F = {
						CreatedOnToolsVersion = 8.3.2;
						DevelopmentTeam = 9RP82T9UKG;
						ProvisioningStyle = Automatic;
						TestTargetID = 8D1BD6CE1EF294BF00E2928F;
					};
				};
			};
			buildConfigurationList = 8D1BD6CA1EF294BF00E2928F /* Build configuration list for PBXProject "PlayerDemo" */;
			compatibilityVersion = "Xcode 3.2";
			developmentRegion = English;
			hasScannedForEncodings = 0;
			knownRegions = (
				en,
				Base,
			);
			mainGroup = 8D1BD6C61EF294BF00E2928F;
			productRefGroup = 8D1BD6D01EF294BF00E2928F /* Products */;
			projectDirPath = "";
			projectRoot = "";
			targets = (
				8D1BD6CE1EF294BF00E2928F /* PlayerDemo */,
				8D1BD6E71EF294BF00E2928F /* PlayerDemoUITests */,
			);
		};
/* End PBXProject section */

/* Begin PBXResourcesBuildPhase section */
		8D1BD6CD1EF294BF00E2928F /* Resources */ = {
			isa = PBXResourcesBuildPhase;
			buildActionMask = 2147483647;
			files = (
				8D1BD6E21EF294BF00E2928F /* LaunchScreen.storyboard in Resources */,
				8D1BD6DF1EF294BF00E2928F /* Assets.xcassets in Resources */,
				8D1BD6DD1EF294BF00E2928F /* Main.storyboard in Resources */,
			);
			runOnlyForDeploymentPostprocessing = 0;
		};
		8D1BD6E61EF294BF00E2928F /* Resources */ = {
			isa = PBXResourcesBuildPhase;
			buildActionMask = 2147483647;
			files = (
			);
			runOnlyForDeploymentPostprocessing = 0;
		};
/* End PBXResourcesBuildPhase section */

/* Begin PBXShellScriptBuildPhase section */
		8D7952FF20CA65A000E94DFC /* ShellScript */ = {
			isa = PBXShellScriptBuildPhase;
			buildActionMask = 2147483647;
			files = (
			);
			inputPaths = (
			);
			outputPaths = (
			);
			runOnlyForDeploymentPostprocessing = 0;
			shellPath = /bin/bash;
			shellScript = "if which sentry-cli >/dev/null; then\nexport SENTRY_ORG=leon-t1\nexport SENTRY_PROJECT=playerdemo\nexport SENTRY_AUTH_TOKEN=21e731159dc24da5ad8a9815c0cfefcecff9c8107f71487dba9a80cad9f6bb45\n\nERROR=$(sentry-cli upload-dsym 2>&1 >/dev/null)\nif [ ! $? -eq 0 ]; then\necho \"warning: sentry-cli - $ERROR\"\nfi\nelse\necho \"warning: sentry-cli not installed, download from https://github.com/getsentry/sentry-cli/releases\"\nfi";
		};
/* End PBXShellScriptBuildPhase section */

/* Begin PBXSourcesBuildPhase section */
		8D1BD6CB1EF294BF00E2928F /* Sources */ = {
			isa = PBXSourcesBuildPhase;
			buildActionMask = 2147483647;
			files = (
				8D1BD8371EF3B43600E2928F /* UIImage+GIF.m in Sources */,
				8D1BD8531EF3B7AA00E2928F /* STKCoreFoundationDataSource.m in Sources */,
				8D1BD73D1EF395F500E2928F /* UIRefreshControl+AFNetworking.m in Sources */,
				8D1BD7331EF395F500E2928F /* AFURLConnectionOperation.m in Sources */,
				8D1BD6FF1EF3933700E2928F /* SoundModel.m in Sources */,
				8D1BD8341EF3B43600E2928F /* SDWebImageManager.m in Sources */,
				8D7952F520CA621200E94DFC /* PlayCenter.m in Sources */,
				8D1BD73C1EF395F500E2928F /* UIProgressView+AFNetworking.m in Sources */,
				8D1BD6DA1EF294BF00E2928F /* ViewController.m in Sources */,
				8D1BD7D91EF3999A00E2928F /* ASIDataDecompressor.m in Sources */,
				8D1BD7DA1EF3999A00E2928F /* ASIDownloadCache.m in Sources */,
				8D1BD7391EF395F500E2928F /* UIAlertView+AFNetworking.m in Sources */,
				8D1BD8571EF3B7AA00E2928F /* STKLocalFileDataSource.m in Sources */,
				8D1BD7351EF395F500E2928F /* AFURLResponseSerialization.m in Sources */,
				8D1BD7DD1EF3999A00E2928F /* ASIInputStream.m in Sources */,
				8D7C6B1E20CE5DC200A9F764 /* SoundRequestEngine.m in Sources */,
				8D1BD7D81EF3999A00E2928F /* ASIDataCompressor.m in Sources */,
				8D1BD73A1EF395F500E2928F /* UIButton+AFNetworking.m in Sources */,
				8D1BD80E1EF3B42700E2928F /* View+MASAdditions.m in Sources */,
				8D1BD7061EF3949D00E2928F /* RequestEngine.m in Sources */,
				8D1BD7381EF395F500E2928F /* UIActivityIndicatorView+AFNetworking.m in Sources */,
				8D1BD80B1EF3B42700E2928F /* MASViewConstraint.m in Sources */,
				8D7952F920CA650B00E94DFC /* LGReachability.m in Sources */,
				8D1BD7341EF395F500E2928F /* AFURLRequestSerialization.m in Sources */,
				8D686D3320E0EFBA0033BC49 /* FileMD5Tools.m in Sources */,
				8D1BD7E01EF3999A00E2928F /* Reachability.m in Sources */,
				8D1BD7371EF395F500E2928F /* AFNetworkActivityIndicatorManager.m in Sources */,
				8D1BD7DB1EF3999A00E2928F /* ASIFormDataRequest.m in Sources */,
				8D1BD7DC1EF3999A00E2928F /* ASIHTTPRequest.m in Sources */,
				8D1BD8071EF3B42700E2928F /* MASConstraint.m in Sources */,
				8D1BD8361EF3B43600E2928F /* UIButton+WebCache.m in Sources */,
				8D1BD8391EF3B43600E2928F /* UIImageView+HighlightedWebCache.m in Sources */,
				8D1BD7321EF395F500E2928F /* AFSecurityPolicy.m in Sources */,
				8D1BD80D1EF3B42700E2928F /* NSLayoutConstraint+MASDebugAdditions.m in Sources */,
				8D1BD8561EF3B7AA00E2928F /* STKHTTPDataSource.m in Sources */,
				8D1BD83A1EF3B43600E2928F /* UIImageView+WebCache.m in Sources */,
				8D39B4DA20CF9B89009A60BD /* DownloadCenter.m in Sources */,
				8D1BD82F1EF3B43600E2928F /* SDImageCache.m in Sources */,
				8D1BD8301EF3B43600E2928F /* SDWebImageCompat.m in Sources */,
				8D1BD80C1EF3B42700E2928F /* NSArray+MASAdditions.m in Sources */,
				8D39B4DE20CFA1A7009A60BD /* UserDefaultCenter.m in Sources */,
				8D1BD8351EF3B43600E2928F /* SDWebImagePrefetcher.m in Sources */,
				8D1BD8381EF3B43600E2928F /* UIImage+MultiFormat.m in Sources */,
				8D1BD8311EF3B43600E2928F /* SDWebImageDecoder.m in Sources */,
				8D1BD8581EF3B7AA00E2928F /* STKQueueEntry.m in Sources */,
				8D1BD72E1EF395F500E2928F /* AFHTTPRequestOperation.m in Sources */,
				8D1BD7361EF395F500E2928F /* AFURLSessionManager.m in Sources */,
				8D1BD8091EF3B42700E2928F /* MASLayoutConstraint.m in Sources */,
				8D1BD8061EF3B42700E2928F /* MASCompositeConstraint.m in Sources */,
				8D1BD6D71EF294BF00E2928F /* AppDelegate.m in Sources */,
				8D1BD8541EF3B7AA00E2928F /* STKDataSource.m in Sources */,
				8D1BD8081EF3B42700E2928F /* MASConstraintMaker.m in Sources */,
				8D1BD7DE1EF3999A00E2928F /* ASINetworkQueue.m in Sources */,
				8D1BD7301EF395F500E2928F /* AFHTTPSessionManager.m in Sources */,
				8D1BD8551EF3B7AA00E2928F /* STKDataSourceWrapper.m in Sources */,
				8D686D3020E099C60033BC49 /* PlayQueueID.m in Sources */,
				8D1BD6D41EF294BF00E2928F /* main.m in Sources */,
				8D1BD7DF1EF3999A00E2928F /* LHNetworkQueue.m in Sources */,
				8D1BD8501EF3B7AA00E2928F /* NSMutableArray+STKAudioPlayer.m in Sources */,
				8D1BD73E1EF395F500E2928F /* UIWebView+AFNetworking.m in Sources */,
				8D1BD80F1EF3B42700E2928F /* ViewController+MASAdditions.m in Sources */,
				8D1BD7311EF395F500E2928F /* AFNetworkReachabilityManager.m in Sources */,
				8D1BD82E1EF3B43600E2928F /* NSData+ImageContentType.m in Sources */,
				8D1BD8511EF3B7AA00E2928F /* STKAudioPlayer.m in Sources */,
				8D1BD7D71EF3999A00E2928F /* ASIAuthenticationDialog.m in Sources */,
				8D1BD73B1EF395F500E2928F /* UIImageView+AFNetworking.m in Sources */,
				8D1BD8331EF3B43600E2928F /* SDWebImageDownloaderOperation.m in Sources */,
				8D1BD72F1EF395F500E2928F /* AFHTTPRequestOperationManager.m in Sources */,
				8D1BD8321EF3B43600E2928F /* SDWebImageDownloader.m in Sources */,
				8D1BD8521EF3B7AA00E2928F /* STKAutoRecoveringHTTPDataSource.m in Sources */,
				8D1BD83B1EF3B43600E2928F /* UIView+WebCacheOperation.m in Sources */,
				8D1BD80A1EF3B42700E2928F /* MASViewAttribute.m in Sources */,
			);
			runOnlyForDeploymentPostprocessing = 0;
		};
		8D1BD6E41EF294BF00E2928F /* Sources */ = {
			isa = PBXSourcesBuildPhase;
			buildActionMask = 2147483647;
			files = (
				8D1BD6ED1EF294BF00E2928F /* PlayerDemoUITests.m in Sources */,
			);
			runOnlyForDeploymentPostprocessing = 0;
		};
/* End PBXSourcesBuildPhase section */

/* Begin PBXTargetDependency section */
		8D1BD6EA1EF294BF00E2928F /* PBXTargetDependency */ = {
			isa = PBXTargetDependency;
			target = 8D1BD6CE1EF294BF00E2928F /* PlayerDemo */;
			targetProxy = 8D1BD6E91EF294BF00E2928F /* PBXContainerItemProxy */;
		};
/* End PBXTargetDependency section */

/* Begin PBXVariantGroup section */
		8D1BD6DB1EF294BF00E2928F /* Main.storyboard */ = {
			isa = PBXVariantGroup;
			children = (
				8D1BD6DC1EF294BF00E2928F /* Base */,
			);
			name = Main.storyboard;
			sourceTree = "<group>";
		};
		8D1BD6E01EF294BF00E2928F /* LaunchScreen.storyboard */ = {
			isa = PBXVariantGroup;
			children = (
				8D1BD6E11EF294BF00E2928F /* Base */,
			);
			name = LaunchScreen.storyboard;
			sourceTree = "<group>";
		};
/* End PBXVariantGroup section */

/* Begin XCBuildConfiguration section */
		8D1BD6EF1EF294BF00E2928F /* Debug */ = {
			isa = XCBuildConfiguration;
			buildSettings = {
				ALWAYS_SEARCH_USER_PATHS = NO;
				CLANG_ANALYZER_NONNULL = YES;
				CLANG_ANALYZER_NUMBER_OBJECT_CONVERSION = YES_AGGRESSIVE;
				CLANG_CXX_LANGUAGE_STANDARD = "gnu++0x";
				CLANG_CXX_LIBRARY = "libc++";
				CLANG_ENABLE_MODULES = YES;
				CLANG_ENABLE_OBJC_ARC = YES;
				CLANG_WARN_BOOL_CONVERSION = YES;
				CLANG_WARN_CONSTANT_CONVERSION = YES;
				CLANG_WARN_DIRECT_OBJC_ISA_USAGE = YES_ERROR;
				CLANG_WARN_DOCUMENTATION_COMMENTS = YES;
				CLANG_WARN_EMPTY_BODY = YES;
				CLANG_WARN_ENUM_CONVERSION = YES;
				CLANG_WARN_INFINITE_RECURSION = YES;
				CLANG_WARN_INT_CONVERSION = YES;
				CLANG_WARN_OBJC_ROOT_CLASS = YES_ERROR;
				CLANG_WARN_SUSPICIOUS_MOVE = YES;
				CLANG_WARN_UNREACHABLE_CODE = YES;
				CLANG_WARN__DUPLICATE_METHOD_MATCH = YES;
				"CODE_SIGN_IDENTITY[sdk=iphoneos*]" = "iPhone Developer";
				COPY_PHASE_STRIP = NO;
				DEBUG_INFORMATION_FORMAT = dwarf;
				ENABLE_STRICT_OBJC_MSGSEND = YES;
				ENABLE_TESTABILITY = YES;
				GCC_C_LANGUAGE_STANDARD = gnu99;
				GCC_DYNAMIC_NO_PIC = NO;
				GCC_NO_COMMON_BLOCKS = YES;
				GCC_OPTIMIZATION_LEVEL = 0;
				GCC_PREPROCESSOR_DEFINITIONS = (
					"DEBUG=1",
					"$(inherited)",
				);
				GCC_WARN_64_TO_32_BIT_CONVERSION = YES;
				GCC_WARN_ABOUT_RETURN_TYPE = YES_ERROR;
				GCC_WARN_UNDECLARED_SELECTOR = YES;
				GCC_WARN_UNINITIALIZED_AUTOS = YES_AGGRESSIVE;
				GCC_WARN_UNUSED_FUNCTION = YES;
				GCC_WARN_UNUSED_VARIABLE = YES;
				IPHONEOS_DEPLOYMENT_TARGET = 10.3;
				MTL_ENABLE_DEBUG_INFO = YES;
				ONLY_ACTIVE_ARCH = YES;
				SDKROOT = iphoneos;
			};
			name = Debug;
		};
		8D1BD6F01EF294BF00E2928F /* Release */ = {
			isa = XCBuildConfiguration;
			buildSettings = {
				ALWAYS_SEARCH_USER_PATHS = NO;
				CLANG_ANALYZER_NONNULL = YES;
				CLANG_ANALYZER_NUMBER_OBJECT_CONVERSION = YES_AGGRESSIVE;
				CLANG_CXX_LANGUAGE_STANDARD = "gnu++0x";
				CLANG_CXX_LIBRARY = "libc++";
				CLANG_ENABLE_MODULES = YES;
				CLANG_ENABLE_OBJC_ARC = YES;
				CLANG_WARN_BOOL_CONVERSION = YES;
				CLANG_WARN_CONSTANT_CONVERSION = YES;
				CLANG_WARN_DIRECT_OBJC_ISA_USAGE = YES_ERROR;
				CLANG_WARN_DOCUMENTATION_COMMENTS = YES;
				CLANG_WARN_EMPTY_BODY = YES;
				CLANG_WARN_ENUM_CONVERSION = YES;
				CLANG_WARN_INFINITE_RECURSION = YES;
				CLANG_WARN_INT_CONVERSION = YES;
				CLANG_WARN_OBJC_ROOT_CLASS = YES_ERROR;
				CLANG_WARN_SUSPICIOUS_MOVE = YES;
				CLANG_WARN_UNREACHABLE_CODE = YES;
				CLANG_WARN__DUPLICATE_METHOD_MATCH = YES;
				"CODE_SIGN_IDENTITY[sdk=iphoneos*]" = "iPhone Developer";
				COPY_PHASE_STRIP = NO;
				DEBUG_INFORMATION_FORMAT = "dwarf-with-dsym";
				ENABLE_NS_ASSERTIONS = NO;
				ENABLE_STRICT_OBJC_MSGSEND = YES;
				GCC_C_LANGUAGE_STANDARD = gnu99;
				GCC_NO_COMMON_BLOCKS = YES;
				GCC_WARN_64_TO_32_BIT_CONVERSION = YES;
				GCC_WARN_ABOUT_RETURN_TYPE = YES_ERROR;
				GCC_WARN_UNDECLARED_SELECTOR = YES;
				GCC_WARN_UNINITIALIZED_AUTOS = YES_AGGRESSIVE;
				GCC_WARN_UNUSED_FUNCTION = YES;
				GCC_WARN_UNUSED_VARIABLE = YES;
				IPHONEOS_DEPLOYMENT_TARGET = 10.3;
				MTL_ENABLE_DEBUG_INFO = NO;
				SDKROOT = iphoneos;
				VALIDATE_PRODUCT = YES;
			};
			name = Release;
		};
		8D1BD6F21EF294BF00E2928F /* Debug */ = {
			isa = XCBuildConfiguration;
			buildSettings = {
				ASSETCATALOG_COMPILER_APPICON_NAME = AppIcon;
				DEVELOPMENT_TEAM = 9RP82T9UKG;
				FRAMEWORK_SEARCH_PATHS = (
					"$(inherited)",
					"$(PROJECT_DIR)",
				);
				GCC_PREFIX_HEADER = PlayerDemo/PlayerDemo.pch;
				INFOPLIST_FILE = PlayerDemo/Info.plist;
				LD_RUNPATH_SEARCH_PATHS = "$(inherited) @executable_path/Frameworks";
				PRODUCT_BUNDLE_IDENTIFIER = com.missevan.PlayerDemo;
				PRODUCT_NAME = "$(TARGET_NAME)";
			};
			name = Debug;
		};
		8D1BD6F31EF294BF00E2928F /* Release */ = {
			isa = XCBuildConfiguration;
			buildSettings = {
				ASSETCATALOG_COMPILER_APPICON_NAME = AppIcon;
				DEVELOPMENT_TEAM = 9RP82T9UKG;
				FRAMEWORK_SEARCH_PATHS = (
					"$(inherited)",
					"$(PROJECT_DIR)",
				);
				GCC_PREFIX_HEADER = PlayerDemo/PlayerDemo.pch;
				INFOPLIST_FILE = PlayerDemo/Info.plist;
				LD_RUNPATH_SEARCH_PATHS = "$(inherited) @executable_path/Frameworks";
				PRODUCT_BUNDLE_IDENTIFIER = com.missevan.PlayerDemo;
				PRODUCT_NAME = "$(TARGET_NAME)";
			};
			name = Release;
		};
		8D1BD6F51EF294BF00E2928F /* Debug */ = {
			isa = XCBuildConfiguration;
			buildSettings = {
				DEVELOPMENT_TEAM = 9RP82T9UKG;
				INFOPLIST_FILE = PlayerDemoUITests/Info.plist;
				LD_RUNPATH_SEARCH_PATHS = "$(inherited) @executable_path/Frameworks @loader_path/Frameworks";
				PRODUCT_BUNDLE_IDENTIFIER = com.missevan.PlayerDemoUITests;
				PRODUCT_NAME = "$(TARGET_NAME)";
				TEST_TARGET_NAME = PlayerDemo;
			};
			name = Debug;
		};
		8D1BD6F61EF294BF00E2928F /* Release */ = {
			isa = XCBuildConfiguration;
			buildSettings = {
				DEVELOPMENT_TEAM = 9RP82T9UKG;
				INFOPLIST_FILE = PlayerDemoUITests/Info.plist;
				LD_RUNPATH_SEARCH_PATHS = "$(inherited) @executable_path/Frameworks @loader_path/Frameworks";
				PRODUCT_BUNDLE_IDENTIFIER = com.missevan.PlayerDemoUITests;
				PRODUCT_NAME = "$(TARGET_NAME)";
				TEST_TARGET_NAME = PlayerDemo;
			};
			name = Release;
		};
/* End XCBuildConfiguration section */

/* Begin XCConfigurationList section */
		8D1BD6CA1EF294BF00E2928F /* Build configuration list for PBXProject "PlayerDemo" */ = {
			isa = XCConfigurationList;
			buildConfigurations = (
				8D1BD6EF1EF294BF00E2928F /* Debug */,
				8D1BD6F01EF294BF00E2928F /* Release */,
			);
			defaultConfigurationIsVisible = 0;
			defaultConfigurationName = Release;
		};
		8D1BD6F11EF294BF00E2928F /* Build configuration list for PBXNativeTarget "PlayerDemo" */ = {
			isa = XCConfigurationList;
			buildConfigurations = (
				8D1BD6F21EF294BF00E2928F /* Debug */,
				8D1BD6F31EF294BF00E2928F /* Release */,
			);
			defaultConfigurationIsVisible = 0;
			defaultConfigurationName = Release;
		};
		8D1BD6F41EF294BF00E2928F /* Build configuration list for PBXNativeTarget "PlayerDemoUITests" */ = {
			isa = XCConfigurationList;
			buildConfigurations = (
				8D1BD6F51EF294BF00E2928F /* Debug */,
				8D1BD6F61EF294BF00E2928F /* Release */,
			);
			defaultConfigurationIsVisible = 0;
			defaultConfigurationName = Release;
		};
/* End XCConfigurationList section */
	};
	rootObject = 8D1BD6C71EF294BF00E2928F /* Project object */;
}
